// !$*UTF8*$!
{
	archiveVersion = 1;
	classes = {
	};
	objectVersion = 56;
	objects = {

/* Begin PBXBuildFile section */
		1E1420A728E817C3003EA6D2 /* pet_clientApp.swift in Sources */ = {isa = PBXBuildFile; fileRef = 1E1420A628E817C3003EA6D2 /* pet_clientApp.swift */; };
		1E1420A928E817C3003EA6D2 /* ContentView.swift in Sources */ = {isa = PBXBuildFile; fileRef = 1E1420A828E817C3003EA6D2 /* ContentView.swift */; };
		1E1420AB28E817C4003EA6D2 /* Assets.xcassets in Resources */ = {isa = PBXBuildFile; fileRef = 1E1420AA28E817C4003EA6D2 /* Assets.xcassets */; };
		1E1420AF28E817C4003EA6D2 /* Preview Assets.xcassets in Resources */ = {isa = PBXBuildFile; fileRef = 1E1420AE28E817C4003EA6D2 /* Preview Assets.xcassets */; };
		1E1420B928E817C5003EA6D2 /* pet_clientTests.swift in Sources */ = {isa = PBXBuildFile; fileRef = 1E1420B828E817C5003EA6D2 /* pet_clientTests.swift */; };
		1E1420C328E817C5003EA6D2 /* pet_clientUITests.swift in Sources */ = {isa = PBXBuildFile; fileRef = 1E1420C228E817C5003EA6D2 /* pet_clientUITests.swift */; };
		1E1420C528E817C5003EA6D2 /* pet_clientUITestsLaunchTests.swift in Sources */ = {isa = PBXBuildFile; fileRef = 1E1420C428E817C5003EA6D2 /* pet_clientUITestsLaunchTests.swift */; };
		1E1420D828E81EB6003EA6D2 /* Component.swift in Sources */ = {isa = PBXBuildFile; fileRef = 1E1420D728E81EB6003EA6D2 /* Component.swift */; };
		1ECCFF4A28E81F3500662084 /* Model.swift in Sources */ = {isa = PBXBuildFile; fileRef = 1ECCFF4928E81F3500662084 /* Model.swift */; };
		1ECCFF4C28E81F5E00662084 /* Util.swift in Sources */ = {isa = PBXBuildFile; fileRef = 1ECCFF4B28E81F5E00662084 /* Util.swift */; };
		1ECCFF4E28E81F6400662084 /* View.swift in Sources */ = {isa = PBXBuildFile; fileRef = 1ECCFF4D28E81F6400662084 /* View.swift */; };
		1ECCFF5028E81F6C00662084 /* ViewController.swift in Sources */ = {isa = PBXBuildFile; fileRef = 1ECCFF4F28E81F6C00662084 /* ViewController.swift */; };
		1ECCFF5228E81F7600662084 /* ViewModel.swift in Sources */ = {isa = PBXBuildFile; fileRef = 1ECCFF5128E81F7600662084 /* ViewModel.swift */; };
/* End PBXBuildFile section */

/* Begin PBXContainerItemProxy section */
		1E1420B528E817C5003EA6D2 /* PBXContainerItemProxy */ = {
			isa = PBXContainerItemProxy;
			containerPortal = 1E14209B28E817C3003EA6D2 /* Project object */;
			proxyType = 1;
			remoteGlobalIDString = 1E1420A228E817C3003EA6D2;
			remoteInfo = "pet-client";
		};
		1E1420BF28E817C5003EA6D2 /* PBXContainerItemProxy */ = {
			isa = PBXContainerItemProxy;
			containerPortal = 1E14209B28E817C3003EA6D2 /* Project object */;
			proxyType = 1;
			remoteGlobalIDString = 1E1420A228E817C3003EA6D2;
			remoteInfo = "pet-client";
		};
/* End PBXContainerItemProxy section */

/* Begin PBXFileReference section */
		1E1420A328E817C3003EA6D2 /* pet-client.app */ = {isa = PBXFileReference; explicitFileType = wrapper.application; includeInIndex = 0; path = "pet-client.app"; sourceTree = BUILT_PRODUCTS_DIR; };
		1E1420A628E817C3003EA6D2 /* pet_clientApp.swift */ = {isa = PBXFileReference; lastKnownFileType = sourcecode.swift; path = pet_clientApp.swift; sourceTree = "<group>"; };
		1E1420A828E817C3003EA6D2 /* ContentView.swift */ = {isa = PBXFileReference; lastKnownFileType = sourcecode.swift; path = ContentView.swift; sourceTree = "<group>"; };
		1E1420AA28E817C4003EA6D2 /* Assets.xcassets */ = {isa = PBXFileReference; lastKnownFileType = folder.assetcatalog; path = Assets.xcassets; sourceTree = "<group>"; };
		1E1420AC28E817C4003EA6D2 /* pet_client.entitlements */ = {isa = PBXFileReference; lastKnownFileType = text.plist.entitlements; path = pet_client.entitlements; sourceTree = "<group>"; };
		1E1420AE28E817C4003EA6D2 /* Preview Assets.xcassets */ = {isa = PBXFileReference; lastKnownFileType = folder.assetcatalog; path = "Preview Assets.xcassets"; sourceTree = "<group>"; };
		1E1420B428E817C5003EA6D2 /* pet-clientTests.xctest */ = {isa = PBXFileReference; explicitFileType = wrapper.cfbundle; includeInIndex = 0; path = "pet-clientTests.xctest"; sourceTree = BUILT_PRODUCTS_DIR; };
		1E1420B828E817C5003EA6D2 /* pet_clientTests.swift */ = {isa = PBXFileReference; lastKnownFileType = sourcecode.swift; path = pet_clientTests.swift; sourceTree = "<group>"; };
		1E1420BE28E817C5003EA6D2 /* pet-clientUITests.xctest */ = {isa = PBXFileReference; explicitFileType = wrapper.cfbundle; includeInIndex = 0; path = "pet-clientUITests.xctest"; sourceTree = BUILT_PRODUCTS_DIR; };
		1E1420C228E817C5003EA6D2 /* pet_clientUITests.swift */ = {isa = PBXFileReference; lastKnownFileType = sourcecode.swift; path = pet_clientUITests.swift; sourceTree = "<group>"; };
		1E1420C428E817C5003EA6D2 /* pet_clientUITestsLaunchTests.swift */ = {isa = PBXFileReference; lastKnownFileType = sourcecode.swift; path = pet_clientUITestsLaunchTests.swift; sourceTree = "<group>"; };
		1E1420D728E81EB6003EA6D2 /* Component.swift */ = {isa = PBXFileReference; lastKnownFileType = sourcecode.swift; path = Component.swift; sourceTree = "<group>"; };
		1ECCFF4928E81F3500662084 /* Model.swift */ = {isa = PBXFileReference; lastKnownFileType = sourcecode.swift; path = Model.swift; sourceTree = "<group>"; };
		1ECCFF4B28E81F5E00662084 /* Util.swift */ = {isa = PBXFileReference; lastKnownFileType = sourcecode.swift; path = Util.swift; sourceTree = "<group>"; };
		1ECCFF4D28E81F6400662084 /* View.swift */ = {isa = PBXFileReference; lastKnownFileType = sourcecode.swift; path = View.swift; sourceTree = "<group>"; };
		1ECCFF4F28E81F6C00662084 /* ViewController.swift */ = {isa = PBXFileReference; lastKnownFileType = sourcecode.swift; path = ViewController.swift; sourceTree = "<group>"; };
		1ECCFF5128E81F7600662084 /* ViewModel.swift */ = {isa = PBXFileReference; lastKnownFileType = sourcecode.swift; path = ViewModel.swift; sourceTree = "<group>"; };
/* End PBXFileReference section */

/* Begin PBXFrameworksBuildPhase section */
		1E1420A028E817C3003EA6D2 /* Frameworks */ = {
			isa = PBXFrameworksBuildPhase;
			buildActionMask = 2147483647;
			files = (
			);
			runOnlyForDeploymentPostprocessing = 0;
		};
		1E1420B128E817C5003EA6D2 /* Frameworks */ = {
			isa = PBXFrameworksBuildPhase;
			buildActionMask = 2147483647;
			files = (
			);
			runOnlyForDeploymentPostprocessing = 0;
		};
		1E1420BB28E817C5003EA6D2 /* Frameworks */ = {
			isa = PBXFrameworksBuildPhase;
			buildActionMask = 2147483647;
			files = (
			);
			runOnlyForDeploymentPostprocessing = 0;
		};
/* End PBXFrameworksBuildPhase section */

/* Begin PBXGroup section */
		1E14209A28E817C3003EA6D2 = {
			isa = PBXGroup;
			children = (
				1E1420A528E817C3003EA6D2 /* pet-client */,
				1E1420B728E817C5003EA6D2 /* pet-clientTests */,
				1E1420C128E817C5003EA6D2 /* pet-clientUITests */,
				1E1420A428E817C3003EA6D2 /* Products */,
			);
			sourceTree = "<group>";
		};
		1E1420A428E817C3003EA6D2 /* Products */ = {
			isa = PBXGroup;
			children = (
				1E1420A328E817C3003EA6D2 /* pet-client.app */,
				1E1420B428E817C5003EA6D2 /* pet-clientTests.xctest */,
				1E1420BE28E817C5003EA6D2 /* pet-clientUITests.xctest */,
			);
			name = Products;
			sourceTree = "<group>";
		};
		1E1420A528E817C3003EA6D2 /* pet-client */ = {
			isa = PBXGroup;
			children = (
				1E1420D128E81861003EA6D2 /* Component */,
				1E1420D328E81870003EA6D2 /* Model */,
				1E1420D228E8186E003EA6D2 /* Util */,
				1E1420D528E81A06003EA6D2 /* View */,
				1E1420D628E81A10003EA6D2 /* ViewController */,
				1E1420D428E81875003EA6D2 /* ViewModel */,
				1E1420A628E817C3003EA6D2 /* pet_clientApp.swift */,
				1E1420A828E817C3003EA6D2 /* ContentView.swift */,
				1E1420AA28E817C4003EA6D2 /* Assets.xcassets */,
				1E1420AC28E817C4003EA6D2 /* pet_client.entitlements */,
				1E1420AD28E817C4003EA6D2 /* Preview Content */,
			);
			path = "pet-client";
			sourceTree = "<group>";
		};
		1E1420AD28E817C4003EA6D2 /* Preview Content */ = {
			isa = PBXGroup;
			children = (
				1E1420AE28E817C4003EA6D2 /* Preview Assets.xcassets */,
			);
			path = "Preview Content";
			sourceTree = "<group>";
		};
		1E1420B728E817C5003EA6D2 /* pet-clientTests */ = {
			isa = PBXGroup;
			children = (
				1E1420B828E817C5003EA6D2 /* pet_clientTests.swift */,
			);
			path = "pet-clientTests";
			sourceTree = "<group>";
		};
		1E1420C128E817C5003EA6D2 /* pet-clientUITests */ = {
			isa = PBXGroup;
			children = (
				1E1420C228E817C5003EA6D2 /* pet_clientUITests.swift */,
				1E1420C428E817C5003EA6D2 /* pet_clientUITestsLaunchTests.swift */,
			);
			path = "pet-clientUITests";
			sourceTree = "<group>";
		};
		1E1420D128E81861003EA6D2 /* Component */ = {
			isa = PBXGroup;
			children = (
				1E1420D728E81EB6003EA6D2 /* Component.swift */,
			);
			path = Component;
			sourceTree = "<group>";
		};
		1E1420D228E8186E003EA6D2 /* Util */ = {
			isa = PBXGroup;
			children = (
				1ECCFF4B28E81F5E00662084 /* Util.swift */,
			);
			path = Util;
			sourceTree = "<group>";
		};
		1E1420D328E81870003EA6D2 /* Model */ = {
			isa = PBXGroup;
			children = (
				1ECCFF4928E81F3500662084 /* Model.swift */,
			);
			path = Model;
			sourceTree = "<group>";
		};
		1E1420D428E81875003EA6D2 /* ViewModel */ = {
			isa = PBXGroup;
			children = (
				1ECCFF5128E81F7600662084 /* ViewModel.swift */,
			);
			path = ViewModel;
			sourceTree = "<group>";
		};
		1E1420D528E81A06003EA6D2 /* View */ = {
			isa = PBXGroup;
			children = (
				1ECCFF4D28E81F6400662084 /* View.swift */,
			);
			path = View;
			sourceTree = "<group>";
		};
		1E1420D628E81A10003EA6D2 /* ViewController */ = {
			isa = PBXGroup;
			children = (
				1ECCFF4F28E81F6C00662084 /* ViewController.swift */,
			);
			path = ViewController;
			sourceTree = "<group>";
		};
/* End PBXGroup section */

/* Begin PBXNativeTarget section */
		1E1420A228E817C3003EA6D2 /* pet-client */ = {
			isa = PBXNativeTarget;
			buildConfigurationList = 1E1420C828E817C5003EA6D2 /* Build configuration list for PBXNativeTarget "pet-client" */;
			buildPhases = (
				1E14209F28E817C3003EA6D2 /* Sources */,
				1E1420A028E817C3003EA6D2 /* Frameworks */,
				1E1420A128E817C3003EA6D2 /* Resources */,
			);
			buildRules = (
			);
			dependencies = (
			);
			name = "pet-client";
			productName = "pet-client";
			productReference = 1E1420A328E817C3003EA6D2 /* pet-client.app */;
			productType = "com.apple.product-type.application";
		};
		1E1420B328E817C5003EA6D2 /* pet-clientTests */ = {
			isa = PBXNativeTarget;
			buildConfigurationList = 1E1420CB28E817C5003EA6D2 /* Build configuration list for PBXNativeTarget "pet-clientTests" */;
			buildPhases = (
				1E1420B028E817C5003EA6D2 /* Sources */,
				1E1420B128E817C5003EA6D2 /* Frameworks */,
				1E1420B228E817C5003EA6D2 /* Resources */,
			);
			buildRules = (
			);
			dependencies = (
				1E1420B628E817C5003EA6D2 /* PBXTargetDependency */,
			);
			name = "pet-clientTests";
			productName = "pet-clientTests";
			productReference = 1E1420B428E817C5003EA6D2 /* pet-clientTests.xctest */;
			productType = "com.apple.product-type.bundle.unit-test";
		};
		1E1420BD28E817C5003EA6D2 /* pet-clientUITests */ = {
			isa = PBXNativeTarget;
			buildConfigurationList = 1E1420CE28E817C5003EA6D2 /* Build configuration list for PBXNativeTarget "pet-clientUITests" */;
			buildPhases = (
				1E1420BA28E817C5003EA6D2 /* Sources */,
				1E1420BB28E817C5003EA6D2 /* Frameworks */,
				1E1420BC28E817C5003EA6D2 /* Resources */,
			);
			buildRules = (
			);
			dependencies = (
				1E1420C028E817C5003EA6D2 /* PBXTargetDependency */,
			);
			name = "pet-clientUITests";
			productName = "pet-clientUITests";
			productReference = 1E1420BE28E817C5003EA6D2 /* pet-clientUITests.xctest */;
			productType = "com.apple.product-type.bundle.ui-testing";
		};
/* End PBXNativeTarget section */

/* Begin PBXProject section */
		1E14209B28E817C3003EA6D2 /* Project object */ = {
			isa = PBXProject;
			attributes = {
				BuildIndependentTargetsInParallel = 1;
				LastSwiftUpdateCheck = 1400;
				LastUpgradeCheck = 1400;
				TargetAttributes = {
					1E1420A228E817C3003EA6D2 = {
						CreatedOnToolsVersion = 14.0.1;
					};
					1E1420B328E817C5003EA6D2 = {
						CreatedOnToolsVersion = 14.0.1;
						TestTargetID = 1E1420A228E817C3003EA6D2;
					};
					1E1420BD28E817C5003EA6D2 = {
						CreatedOnToolsVersion = 14.0.1;
						TestTargetID = 1E1420A228E817C3003EA6D2;
					};
				};
			};
			buildConfigurationList = 1E14209E28E817C3003EA6D2 /* Build configuration list for PBXProject "pet-client" */;
			compatibilityVersion = "Xcode 14.0";
			developmentRegion = en;
			hasScannedForEncodings = 0;
			knownRegions = (
				en,
				Base,
			);
			mainGroup = 1E14209A28E817C3003EA6D2;
			productRefGroup = 1E1420A428E817C3003EA6D2 /* Products */;
			projectDirPath = "";
			projectRoot = "";
			targets = (
				1E1420A228E817C3003EA6D2 /* pet-client */,
				1E1420B328E817C5003EA6D2 /* pet-clientTests */,
				1E1420BD28E817C5003EA6D2 /* pet-clientUITests */,
			);
		};
/* End PBXProject section */

/* Begin PBXResourcesBuildPhase section */
		1E1420A128E817C3003EA6D2 /* Resources */ = {
			isa = PBXResourcesBuildPhase;
			buildActionMask = 2147483647;
			files = (
				1E1420AF28E817C4003EA6D2 /* Preview Assets.xcassets in Resources */,
				1E1420AB28E817C4003EA6D2 /* Assets.xcassets in Resources */,
			);
			runOnlyForDeploymentPostprocessing = 0;
		};
		1E1420B228E817C5003EA6D2 /* Resources */ = {
			isa = PBXResourcesBuildPhase;
			buildActionMask = 2147483647;
			files = (
			);
			runOnlyForDeploymentPostprocessing = 0;
		};
		1E1420BC28E817C5003EA6D2 /* Resources */ = {
			isa = PBXResourcesBuildPhase;
			buildActionMask = 2147483647;
			files = (
			);
			runOnlyForDeploymentPostprocessing = 0;
		};
/* End PBXResourcesBuildPhase section */

/* Begin PBXSourcesBuildPhase section */
		1E14209F28E817C3003EA6D2 /* Sources */ = {
			isa = PBXSourcesBuildPhase;
			buildActionMask = 2147483647;
			files = (
				1E1420A928E817C3003EA6D2 /* ContentView.swift in Sources */,
				1E1420D828E81EB6003EA6D2 /* Component.swift in Sources */,
				1ECCFF4E28E81F6400662084 /* View.swift in Sources */,
				1ECCFF4C28E81F5E00662084 /* Util.swift in Sources */,
				1ECCFF5028E81F6C00662084 /* ViewController.swift in Sources */,
				1E1420A728E817C3003EA6D2 /* pet_clientApp.swift in Sources */,
				1ECCFF5228E81F7600662084 /* ViewModel.swift in Sources */,
				1ECCFF4A28E81F3500662084 /* Model.swift in Sources */,
			);
			runOnlyForDeploymentPostprocessing = 0;
		};
		1E1420B028E817C5003EA6D2 /* Sources */ = {
			isa = PBXSourcesBuildPhase;
			buildActionMask = 2147483647;
			files = (
				1E1420B928E817C5003EA6D2 /* pet_clientTests.swift in Sources */,
			);
			runOnlyForDeploymentPostprocessing = 0;
		};
		1E1420BA28E817C5003EA6D2 /* Sources */ = {
			isa = PBXSourcesBuildPhase;
			buildActionMask = 2147483647;
			files = (
				1E1420C328E817C5003EA6D2 /* pet_clientUITests.swift in Sources */,
				1E1420C528E817C5003EA6D2 /* pet_clientUITestsLaunchTests.swift in Sources */,
			);
			runOnlyForDeploymentPostprocessing = 0;
		};
/* End PBXSourcesBuildPhase section */

/* Begin PBXTargetDependency section */
		1E1420B628E817C5003EA6D2 /* PBXTargetDependency */ = {
			isa = PBXTargetDependency;
			target = 1E1420A228E817C3003EA6D2 /* pet-client */;
			targetProxy = 1E1420B528E817C5003EA6D2 /* PBXContainerItemProxy */;
		};
		1E1420C028E817C5003EA6D2 /* PBXTargetDependency */ = {
			isa = PBXTargetDependency;
			target = 1E1420A228E817C3003EA6D2 /* pet-client */;
			targetProxy = 1E1420BF28E817C5003EA6D2 /* PBXContainerItemProxy */;
		};
/* End PBXTargetDependency section */

/* Begin XCBuildConfiguration section */
		1E1420C628E817C5003EA6D2 /* Debug */ = {
			isa = XCBuildConfiguration;
			buildSettings = {
				ALWAYS_SEARCH_USER_PATHS = NO;
				CLANG_ANALYZER_NONNULL = YES;
				CLANG_ANALYZER_NUMBER_OBJECT_CONVERSION = YES_AGGRESSIVE;
				CLANG_CXX_LANGUAGE_STANDARD = "gnu++20";
				CLANG_ENABLE_MODULES = YES;
				CLANG_ENABLE_OBJC_ARC = YES;
				CLANG_ENABLE_OBJC_WEAK = YES;
				CLANG_WARN_BLOCK_CAPTURE_AUTORELEASING = YES;
				CLANG_WARN_BOOL_CONVERSION = YES;
				CLANG_WARN_COMMA = YES;
				CLANG_WARN_CONSTANT_CONVERSION = YES;
				CLANG_WARN_DEPRECATED_OBJC_IMPLEMENTATIONS = YES;
				CLANG_WARN_DIRECT_OBJC_ISA_USAGE = YES_ERROR;
				CLANG_WARN_DOCUMENTATION_COMMENTS = YES;
				CLANG_WARN_EMPTY_BODY = YES;
				CLANG_WARN_ENUM_CONVERSION = YES;
				CLANG_WARN_INFINITE_RECURSION = YES;
				CLANG_WARN_INT_CONVERSION = YES;
				CLANG_WARN_NON_LITERAL_NULL_CONVERSION = YES;
				CLANG_WARN_OBJC_IMPLICIT_RETAIN_SELF = YES;
				CLANG_WARN_OBJC_LITERAL_CONVERSION = YES;
				CLANG_WARN_OBJC_ROOT_CLASS = YES_ERROR;
				CLANG_WARN_QUOTED_INCLUDE_IN_FRAMEWORK_HEADER = YES;
				CLANG_WARN_RANGE_LOOP_ANALYSIS = YES;
				CLANG_WARN_STRICT_PROTOTYPES = YES;
				CLANG_WARN_SUSPICIOUS_MOVE = YES;
				CLANG_WARN_UNGUARDED_AVAILABILITY = YES_AGGRESSIVE;
				CLANG_WARN_UNREACHABLE_CODE = YES;
				CLANG_WARN__DUPLICATE_METHOD_MATCH = YES;
				COPY_PHASE_STRIP = NO;
				DEBUG_INFORMATION_FORMAT = dwarf;
				ENABLE_STRICT_OBJC_MSGSEND = YES;
				ENABLE_TESTABILITY = YES;
				GCC_C_LANGUAGE_STANDARD = gnu11;
				GCC_DYNAMIC_NO_PIC = NO;
				GCC_NO_COMMON_BLOCKS = YES;
				GCC_OPTIMIZATION_LEVEL = 0;
				GCC_PREPROCESSOR_DEFINITIONS = (
					"DEBUG=1",
					"$(inherited)",
				);
				GCC_WARN_64_TO_32_BIT_CONVERSION = YES;
				GCC_WARN_ABOUT_RETURN_TYPE = YES_ERROR;
				GCC_WARN_UNDECLARED_SELECTOR = YES;
				GCC_WARN_UNINITIALIZED_AUTOS = YES_AGGRESSIVE;
				GCC_WARN_UNUSED_FUNCTION = YES;
				GCC_WARN_UNUSED_VARIABLE = YES;
				MTL_ENABLE_DEBUG_INFO = INCLUDE_SOURCE;
				MTL_FAST_MATH = YES;
				ONLY_ACTIVE_ARCH = YES;
				SWIFT_ACTIVE_COMPILATION_CONDITIONS = DEBUG;
				SWIFT_OPTIMIZATION_LEVEL = "-Onone";
			};
			name = Debug;
		};
		1E1420C728E817C5003EA6D2 /* Release */ = {
			isa = XCBuildConfiguration;
			buildSettings = {
				ALWAYS_SEARCH_USER_PATHS = NO;
				CLANG_ANALYZER_NONNULL = YES;
				CLANG_ANALYZER_NUMBER_OBJECT_CONVERSION = YES_AGGRESSIVE;
				CLANG_CXX_LANGUAGE_STANDARD = "gnu++20";
				CLANG_ENABLE_MODULES = YES;
				CLANG_ENABLE_OBJC_ARC = YES;
				CLANG_ENABLE_OBJC_WEAK = YES;
				CLANG_WARN_BLOCK_CAPTURE_AUTORELEASING = YES;
				CLANG_WARN_BOOL_CONVERSION = YES;
				CLANG_WARN_COMMA = YES;
				CLANG_WARN_CONSTANT_CONVERSION = YES;
				CLANG_WARN_DEPRECATED_OBJC_IMPLEMENTATIONS = YES;
				CLANG_WARN_DIRECT_OBJC_ISA_USAGE = YES_ERROR;
				CLANG_WARN_DOCUMENTATION_COMMENTS = YES;
				CLANG_WARN_EMPTY_BODY = YES;
				CLANG_WARN_ENUM_CONVERSION = YES;
				CLANG_WARN_INFINITE_RECURSION = YES;
				CLANG_WARN_INT_CONVERSION = YES;
				CLANG_WARN_NON_LITERAL_NULL_CONVERSION = YES;
				CLANG_WARN_OBJC_IMPLICIT_RETAIN_SELF = YES;
				CLANG_WARN_OBJC_LITERAL_CONVERSION = YES;
				CLANG_WARN_OBJC_ROOT_CLASS = YES_ERROR;
				CLANG_WARN_QUOTED_INCLUDE_IN_FRAMEWORK_HEADER = YES;
				CLANG_WARN_RANGE_LOOP_ANALYSIS = YES;
				CLANG_WARN_STRICT_PROTOTYPES = YES;
				CLANG_WARN_SUSPICIOUS_MOVE = YES;
				CLANG_WARN_UNGUARDED_AVAILABILITY = YES_AGGRESSIVE;
				CLANG_WARN_UNREACHABLE_CODE = YES;
				CLANG_WARN__DUPLICATE_METHOD_MATCH = YES;
				COPY_PHASE_STRIP = NO;
				DEBUG_INFORMATION_FORMAT = "dwarf-with-dsym";
				ENABLE_NS_ASSERTIONS = NO;
				ENABLE_STRICT_OBJC_MSGSEND = YES;
				GCC_C_LANGUAGE_STANDARD = gnu11;
				GCC_NO_COMMON_BLOCKS = YES;
				GCC_WARN_64_TO_32_BIT_CONVERSION = YES;
				GCC_WARN_ABOUT_RETURN_TYPE = YES_ERROR;
				GCC_WARN_UNDECLARED_SELECTOR = YES;
				GCC_WARN_UNINITIALIZED_AUTOS = YES_AGGRESSIVE;
				GCC_WARN_UNUSED_FUNCTION = YES;
				GCC_WARN_UNUSED_VARIABLE = YES;
				MTL_ENABLE_DEBUG_INFO = NO;
				MTL_FAST_MATH = YES;
				SWIFT_COMPILATION_MODE = wholemodule;
				SWIFT_OPTIMIZATION_LEVEL = "-O";
			};
			name = Release;
		};
		1E1420C928E817C5003EA6D2 /* Debug */ = {
			isa = XCBuildConfiguration;
			buildSettings = {
				ASSETCATALOG_COMPILER_APPICON_NAME = AppIcon;
				ASSETCATALOG_COMPILER_GLOBAL_ACCENT_COLOR_NAME = AccentColor;
				CODE_SIGN_ENTITLEMENTS = "pet-client/pet_client.entitlements";
				CODE_SIGN_STYLE = Automatic;
				CURRENT_PROJECT_VERSION = 1;
				DEVELOPMENT_ASSET_PATHS = "\"pet-client/Preview Content\"";
				ENABLE_PREVIEWS = YES;
				GENERATE_INFOPLIST_FILE = YES;
				"INFOPLIST_KEY_UIApplicationSceneManifest_Generation[sdk=iphoneos*]" = YES;
				"INFOPLIST_KEY_UIApplicationSceneManifest_Generation[sdk=iphonesimulator*]" = YES;
				"INFOPLIST_KEY_UIApplicationSupportsIndirectInputEvents[sdk=iphoneos*]" = YES;
				"INFOPLIST_KEY_UIApplicationSupportsIndirectInputEvents[sdk=iphonesimulator*]" = YES;
				"INFOPLIST_KEY_UILaunchScreen_Generation[sdk=iphoneos*]" = YES;
				"INFOPLIST_KEY_UILaunchScreen_Generation[sdk=iphonesimulator*]" = YES;
				"INFOPLIST_KEY_UIStatusBarStyle[sdk=iphoneos*]" = UIStatusBarStyleDefault;
				"INFOPLIST_KEY_UIStatusBarStyle[sdk=iphonesimulator*]" = UIStatusBarStyleDefault;
				INFOPLIST_KEY_UISupportedInterfaceOrientations_iPad = "UIInterfaceOrientationPortrait UIInterfaceOrientationPortraitUpsideDown UIInterfaceOrientationLandscapeLeft UIInterfaceOrientationLandscapeRight";
				INFOPLIST_KEY_UISupportedInterfaceOrientations_iPhone = "UIInterfaceOrientationPortrait UIInterfaceOrientationLandscapeLeft UIInterfaceOrientationLandscapeRight";
				IPHONEOS_DEPLOYMENT_TARGET = 16.0;
				LD_RUNPATH_SEARCH_PATHS = "@executable_path/Frameworks";
				"LD_RUNPATH_SEARCH_PATHS[sdk=macosx*]" = "@executable_path/../Frameworks";
				MACOSX_DEPLOYMENT_TARGET = 12.3;
				MARKETING_VERSION = 1.0;
				PRODUCT_BUNDLE_IDENTIFIER = "iOS.PET.pet-client";
				PRODUCT_NAME = "$(TARGET_NAME)";
				SDKROOT = auto;
				SUPPORTED_PLATFORMS = "iphoneos iphonesimulator macosx";
				SWIFT_EMIT_LOC_STRINGS = YES;
				SWIFT_VERSION = 5.0;
				TARGETED_DEVICE_FAMILY = "1,2";
			};
			name = Debug;
		};
		1E1420CA28E817C5003EA6D2 /* Release */ = {
			isa = XCBuildConfiguration;
			buildSettings = {
				ASSETCATALOG_COMPILER_APPICON_NAME = AppIcon;
				ASSETCATALOG_COMPILER_GLOBAL_ACCENT_COLOR_NAME = AccentColor;
				CODE_SIGN_ENTITLEMENTS = "pet-client/pet_client.entitlements";
				CODE_SIGN_STYLE = Automatic;
				CURRENT_PROJECT_VERSION = 1;
				DEVELOPMENT_ASSET_PATHS = "\"pet-client/Preview Content\"";
				ENABLE_PREVIEWS = YES;
				GENERATE_INFOPLIST_FILE = YES;
				"INFOPLIST_KEY_UIApplicationSceneManifest_Generation[sdk=iphoneos*]" = YES;
				"INFOPLIST_KEY_UIApplicationSceneManifest_Generation[sdk=iphonesimulator*]" = YES;
				"INFOPLIST_KEY_UIApplicationSupportsIndirectInputEvents[sdk=iphoneos*]" = YES;
				"INFOPLIST_KEY_UIApplicationSupportsIndirectInputEvents[sdk=iphonesimulator*]" = YES;
				"INFOPLIST_KEY_UILaunchScreen_Generation[sdk=iphoneos*]" = YES;
				"INFOPLIST_KEY_UILaunchScreen_Generation[sdk=iphonesimulator*]" = YES;
				"INFOPLIST_KEY_UIStatusBarStyle[sdk=iphoneos*]" = UIStatusBarStyleDefault;
				"INFOPLIST_KEY_UIStatusBarStyle[sdk=iphonesimulator*]" = UIStatusBarStyleDefault;
				INFOPLIST_KEY_UISupportedInterfaceOrientations_iPad = "UIInterfaceOrientationPortrait UIInterfaceOrientationPortraitUpsideDown UIInterfaceOrientationLandscapeLeft UIInterfaceOrientationLandscapeRight";
				INFOPLIST_KEY_UISupportedInterfaceOrientations_iPhone = "UIInterfaceOrientationPortrait UIInterfaceOrientationLandscapeLeft UIInterfaceOrientationLandscapeRight";
				IPHONEOS_DEPLOYMENT_TARGET = 16.0;
				LD_RUNPATH_SEARCH_PATHS = "@executable_path/Frameworks";
				"LD_RUNPATH_SEARCH_PATHS[sdk=macosx*]" = "@executable_path/../Frameworks";
				MACOSX_DEPLOYMENT_TARGET = 12.3;
				MARKETING_VERSION = 1.0;
				PRODUCT_BUNDLE_IDENTIFIER = "iOS.PET.pet-client";
				PRODUCT_NAME = "$(TARGET_NAME)";
				SDKROOT = auto;
				SUPPORTED_PLATFORMS = "iphoneos iphonesimulator macosx";
				SWIFT_EMIT_LOC_STRINGS = YES;
				SWIFT_VERSION = 5.0;
				TARGETED_DEVICE_FAMILY = "1,2";
			};
			name = Release;
		};
		1E1420CC28E817C5003EA6D2 /* Debug */ = {
			isa = XCBuildConfiguration;
			buildSettings = {
				ALWAYS_EMBED_SWIFT_STANDARD_LIBRARIES = YES;
				BUNDLE_LOADER = "$(TEST_HOST)";
				CODE_SIGN_STYLE = Automatic;
				CURRENT_PROJECT_VERSION = 1;
				GENERATE_INFOPLIST_FILE = YES;
				IPHONEOS_DEPLOYMENT_TARGET = 16.0;
				MACOSX_DEPLOYMENT_TARGET = 12.3;
				MARKETING_VERSION = 1.0;
				PRODUCT_BUNDLE_IDENTIFIER = "iOS.PET.pet-clientTests";
				PRODUCT_NAME = "$(TARGET_NAME)";
				SDKROOT = auto;
				SUPPORTED_PLATFORMS = "iphoneos iphonesimulator macosx";
				SWIFT_EMIT_LOC_STRINGS = NO;
				SWIFT_VERSION = 5.0;
				TARGETED_DEVICE_FAMILY = "1,2";
				TEST_HOST = "$(BUILT_PRODUCTS_DIR)/pet-client.app/$(BUNDLE_EXECUTABLE_FOLDER_PATH)/pet-client";
			};
			name = Debug;
		};
		1E1420CD28E817C5003EA6D2 /* Release */ = {
			isa = XCBuildConfiguration;
			buildSettings = {
				ALWAYS_EMBED_SWIFT_STANDARD_LIBRARIES = YES;
				BUNDLE_LOADER = "$(TEST_HOST)";
				CODE_SIGN_STYLE = Automatic;
				CURRENT_PROJECT_VERSION = 1;
				GENERATE_INFOPLIST_FILE = YES;
				IPHONEOS_DEPLOYMENT_TARGET = 16.0;
				MACOSX_DEPLOYMENT_TARGET = 12.3;
				MARKETING_VERSION = 1.0;
				PRODUCT_BUNDLE_IDENTIFIER = "iOS.PET.pet-clientTests";
				PRODUCT_NAME = "$(TARGET_NAME)";
				SDKROOT = auto;
				SUPPORTED_PLATFORMS = "iphoneos iphonesimulator macosx";
				SWIFT_EMIT_LOC_STRINGS = NO;
				SWIFT_VERSION = 5.0;
				TARGETED_DEVICE_FAMILY = "1,2";
				TEST_HOST = "$(BUILT_PRODUCTS_DIR)/pet-client.app/$(BUNDLE_EXECUTABLE_FOLDER_PATH)/pet-client";
			};
			name = Release;
		};
		1E1420CF28E817C5003EA6D2 /* Debug */ = {
			isa = XCBuildConfiguration;
			buildSettings = {
				ALWAYS_EMBED_SWIFT_STANDARD_LIBRARIES = YES;
				CODE_SIGN_STYLE = Automatic;
				CURRENT_PROJECT_VERSION = 1;
				GENERATE_INFOPLIST_FILE = YES;
				IPHONEOS_DEPLOYMENT_TARGET = 16.0;
				MACOSX_DEPLOYMENT_TARGET = 12.3;
				MARKETING_VERSION = 1.0;
				PRODUCT_BUNDLE_IDENTIFIER = "iOS.PET.pet-clientUITests";
				PRODUCT_NAME = "$(TARGET_NAME)";
				SDKROOT = auto;
				SUPPORTED_PLATFORMS = "iphoneos iphonesimulator macosx";
				SWIFT_EMIT_LOC_STRINGS = NO;
				SWIFT_VERSION = 5.0;
				TARGETED_DEVICE_FAMILY = "1,2";
				TEST_TARGET_NAME = "pet-client";
			};
			name = Debug;
		};
		1E1420D028E817C5003EA6D2 /* Release */ = {
			isa = XCBuildConfiguration;
			buildSettings = {
				ALWAYS_EMBED_SWIFT_STANDARD_LIBRARIES = YES;
				CODE_SIGN_STYLE = Automatic;
				CURRENT_PROJECT_VERSION = 1;
				GENERATE_INFOPLIST_FILE = YES;
				IPHONEOS_DEPLOYMENT_TARGET = 16.0;
				MACOSX_DEPLOYMENT_TARGET = 12.3;
				MARKETING_VERSION = 1.0;
				PRODUCT_BUNDLE_IDENTIFIER = "iOS.PET.pet-clientUITests";
				PRODUCT_NAME = "$(TARGET_NAME)";
				SDKROOT = auto;
				SUPPORTED_PLATFORMS = "iphoneos iphonesimulator macosx";
				SWIFT_EMIT_LOC_STRINGS = NO;
				SWIFT_VERSION = 5.0;
				TARGETED_DEVICE_FAMILY = "1,2";
				TEST_TARGET_NAME = "pet-client";
			};
			name = Release;
		};
/* End XCBuildConfiguration section */

/* Begin XCConfigurationList section */
		1E14209E28E817C3003EA6D2 /* Build configuration list for PBXProject "pet-client" */ = {
			isa = XCConfigurationList;
			buildConfigurations = (
				1E1420C628E817C5003EA6D2 /* Debug */,
				1E1420C728E817C5003EA6D2 /* Release */,
			);
			defaultConfigurationIsVisible = 0;
			defaultConfigurationName = Release;
		};
		1E1420C828E817C5003EA6D2 /* Build configuration list for PBXNativeTarget "pet-client" */ = {
			isa = XCConfigurationList;
			buildConfigurations = (
				1E1420C928E817C5003EA6D2 /* Debug */,
				1E1420CA28E817C5003EA6D2 /* Release */,
			);
			defaultConfigurationIsVisible = 0;
			defaultConfigurationName = Release;
		};
		1E1420CB28E817C5003EA6D2 /* Build configuration list for PBXNativeTarget "pet-clientTests" */ = {
			isa = XCConfigurationList;
			buildConfigurations = (
				1E1420CC28E817C5003EA6D2 /* Debug */,
				1E1420CD28E817C5003EA6D2 /* Release */,
			);
			defaultConfigurationIsVisible = 0;
			defaultConfigurationName = Release;
		};
		1E1420CE28E817C5003EA6D2 /* Build configuration list for PBXNativeTarget "pet-clientUITests" */ = {
			isa = XCConfigurationList;
			buildConfigurations = (
				1E1420CF28E817C5003EA6D2 /* Debug */,
				1E1420D028E817C5003EA6D2 /* Release */,
			);
			defaultConfigurationIsVisible = 0;
			defaultConfigurationName = Release;
		};
/* End XCConfigurationList section */
	};
	rootObject = 1E14209B28E817C3003EA6D2 /* Project object */;
}
