// !$*UTF8*$!
{
	archiveVersion = 1;
	classes = {
	};
	objectVersion = 56;
	objects = {

/* Begin PBXBuildFile section */
		1117C2A529113845001FF2FD /* PostDetailView.swift in Sources */ = {isa = PBXBuildFile; fileRef = 1117C2A429113845001FF2FD /* PostDetailView.swift */; };
		1117C2A72911388A001FF2FD /* CommentListElem.swift in Sources */ = {isa = PBXBuildFile; fileRef = 1117C2A62911388A001FF2FD /* CommentListElem.swift */; };
		1117C2A929113B47001FF2FD /* RecommendView.swift in Sources */ = {isa = PBXBuildFile; fileRef = 1117C2A829113B47001FF2FD /* RecommendView.swift */; };
		1137E92829336CDC008A8056 /* MapApi.swift in Sources */ = {isa = PBXBuildFile; fileRef = 1137E92729336CDC008A8056 /* MapApi.swift */; };
		1150219C292134CA00D7E900 /* SearchView.swift in Sources */ = {isa = PBXBuildFile; fileRef = 1150219B292134CA00D7E900 /* SearchView.swift */; };
		115021A1292146F600D7E900 /* MypageView.swift in Sources */ = {isa = PBXBuildFile; fileRef = 115021A0292146F600D7E900 /* MypageView.swift */; };
		116EEDF029077F4200B41A24 /* SearchBar.swift in Sources */ = {isa = PBXBuildFile; fileRef = 116EEDEF29077F4200B41A24 /* SearchBar.swift */; };
		1199AC6A293B8C2000E7DCCA /* CommonTabMenu.swift in Sources */ = {isa = PBXBuildFile; fileRef = 1199AC69293B8C2000E7DCCA /* CommonTabMenu.swift */; };
		11E66CAF28EB44BA00716CF9 /* MainView.swift in Sources */ = {isa = PBXBuildFile; fileRef = 11E66CAE28EB44BA00716CF9 /* MainView.swift */; };
		1E1420A728E817C3003EA6D2 /* pet_clientApp.swift in Sources */ = {isa = PBXBuildFile; fileRef = 1E1420A628E817C3003EA6D2 /* pet_clientApp.swift */; };
		1E1420AB28E817C4003EA6D2 /* Assets.xcassets in Resources */ = {isa = PBXBuildFile; fileRef = 1E1420AA28E817C4003EA6D2 /* Assets.xcassets */; };
		1E1420AF28E817C4003EA6D2 /* Preview Assets.xcassets in Resources */ = {isa = PBXBuildFile; fileRef = 1E1420AE28E817C4003EA6D2 /* Preview Assets.xcassets */; };
		1E1420B928E817C5003EA6D2 /* pet_clientTests.swift in Sources */ = {isa = PBXBuildFile; fileRef = 1E1420B828E817C5003EA6D2 /* pet_clientTests.swift */; };
		1E1420C328E817C5003EA6D2 /* pet_clientUITests.swift in Sources */ = {isa = PBXBuildFile; fileRef = 1E1420C228E817C5003EA6D2 /* pet_clientUITests.swift */; };
		1E1420C528E817C5003EA6D2 /* pet_clientUITestsLaunchTests.swift in Sources */ = {isa = PBXBuildFile; fileRef = 1E1420C428E817C5003EA6D2 /* pet_clientUITestsLaunchTests.swift */; };
		1E31B0DE28F39DB700654FC0 /* KakaoSDK in Frameworks */ = {isa = PBXBuildFile; productRef = 1E31B0DD28F39DB700654FC0 /* KakaoSDK */; };
		1E31B0F528F3E9C200654FC0 /* NMapsMap.xcframework in Frameworks */ = {isa = PBXBuildFile; fileRef = 11276DE128EC34B0001E5CD9 /* NMapsMap.xcframework */; };
		1E3E197D292E1A25009C5BD4 /* GoogleService-Info.plist in Resources */ = {isa = PBXBuildFile; fileRef = 1E3E197C292E1A25009C5BD4 /* GoogleService-Info.plist */; };
		1E3E1980292E1BA7009C5BD4 /* FirebaseAnalyticsWithoutAdIdSupport in Frameworks */ = {isa = PBXBuildFile; productRef = 1E3E197F292E1BA7009C5BD4 /* FirebaseAnalyticsWithoutAdIdSupport */; };
		1E7052882944290E009341BA /* LocationService.swift in Sources */ = {isa = PBXBuildFile; fileRef = 1E7052872944290E009341BA /* LocationService.swift */; };
		1E70528C2944C04A009341BA /* PlaceApi.swift in Sources */ = {isa = PBXBuildFile; fileRef = 1E70528B2944C04A009341BA /* PlaceApi.swift */; };
		1E756CF8293C2D8300AAB814 /* LaunchingView.swift in Sources */ = {isa = PBXBuildFile; fileRef = 1E756CF7293C2D8300AAB814 /* LaunchingView.swift */; };
		1E756CFE293C396300AAB814 /* UserApi.swift in Sources */ = {isa = PBXBuildFile; fileRef = 1E756CFD293C396300AAB814 /* UserApi.swift */; };
		1E756D02293C3C0000AAB814 /* User.swift in Sources */ = {isa = PBXBuildFile; fileRef = 1E756D01293C3C0000AAB814 /* User.swift */; };
		1E9BF714293B1EDD00CAF327 /* AuthService.swift in Sources */ = {isa = PBXBuildFile; fileRef = 1E9BF713293B1EDD00CAF327 /* AuthService.swift */; };
		1E9BF71B293B8AD700CAF327 /* AppState.swift in Sources */ = {isa = PBXBuildFile; fileRef = 1E9BF718293B8AD600CAF327 /* AppState.swift */; };
		1E9BF71F293B8B7100CAF327 /* ContentView.swift in Sources */ = {isa = PBXBuildFile; fileRef = 1E9BF71E293B8B7100CAF327 /* ContentView.swift */; };
		1E9BF721293B8B8300CAF327 /* ContentVM.swift in Sources */ = {isa = PBXBuildFile; fileRef = 1E9BF720293B8B8300CAF327 /* ContentVM.swift */; };
		1EA19F832901591400FB8712 /* Alamofire in Frameworks */ = {isa = PBXBuildFile; productRef = 1EA19F822901591400FB8712 /* Alamofire */; };
		1EA19F89290159E800FB8712 /* Login.swift in Sources */ = {isa = PBXBuildFile; fileRef = 1EA19F88290159E800FB8712 /* Login.swift */; };
		1EACC3FB28FBA6EA009760CE /* ListView.swift in Sources */ = {isa = PBXBuildFile; fileRef = 1EACC3FA28FBA6EA009760CE /* ListView.swift */; };
		1EACC40128FBAD10009760CE /* Palette.swift in Sources */ = {isa = PBXBuildFile; fileRef = 1EACC40028FBAD10009760CE /* Palette.swift */; };
		1EACC40628FBBE4A009760CE /* Place.swift in Sources */ = {isa = PBXBuildFile; fileRef = 1EACC40528FBBE4A009760CE /* Place.swift */; };
		1EACC40928FBBE65009760CE /* PlaceTemporary.swift in Sources */ = {isa = PBXBuildFile; fileRef = 1EACC40828FBBE65009760CE /* PlaceTemporary.swift */; };
		1EACC40B28FBD3D5009760CE /* PlaceListElement.swift in Sources */ = {isa = PBXBuildFile; fileRef = 1EACC40A28FBD3D5009760CE /* PlaceListElement.swift */; };
		1EACC40D28FBDAFF009760CE /* PlaceCard.swift in Sources */ = {isa = PBXBuildFile; fileRef = 1EACC40C28FBDAFF009760CE /* PlaceCard.swift */; };
		1ECCFF4A28E81F3500662084 /* Model.swift in Sources */ = {isa = PBXBuildFile; fileRef = 1ECCFF4928E81F3500662084 /* Model.swift */; };
		1ECCFF4C28E81F5E00662084 /* Util.swift in Sources */ = {isa = PBXBuildFile; fileRef = 1ECCFF4B28E81F5E00662084 /* Util.swift */; };
		1ECCFF4E28E81F6400662084 /* LoginView.swift in Sources */ = {isa = PBXBuildFile; fileRef = 1ECCFF4D28E81F6400662084 /* LoginView.swift */; };
		1ED7C3CB2943262A006AC0CB /* CommunityApi.swift in Sources */ = {isa = PBXBuildFile; fileRef = 1ED7C3CA2943262A006AC0CB /* CommunityApi.swift */; };
		1ED7C3CD294327D2006AC0CB /* CommunityPost.swift in Sources */ = {isa = PBXBuildFile; fileRef = 1ED7C3CC294327D2006AC0CB /* CommunityPost.swift */; };
		1ED7C3D529436CA4006AC0CB /* CommunityView.swift in Sources */ = {isa = PBXBuildFile; fileRef = 1ED7C3D429436CA4006AC0CB /* CommunityView.swift */; };
		1EE04FE12903EA68002145A7 /* CommunityListElem.swift in Sources */ = {isa = PBXBuildFile; fileRef = 1EE04FE02903EA68002145A7 /* CommunityListElem.swift */; };
		1EE04FE42903F314002145A7 /* TabElem.swift in Sources */ = {isa = PBXBuildFile; fileRef = 1EE04FE32903F314002145A7 /* TabElem.swift */; };
		1EE613E828F3EEAA0019C0E4 /* AppDelegate.swift in Sources */ = {isa = PBXBuildFile; fileRef = 1EE613E728F3EEAA0019C0E4 /* AppDelegate.swift */; };
		1EFB3156293383ED0064B31E /* SwiftUIFlow in Frameworks */ = {isa = PBXBuildFile; productRef = 1EFB3155293383ED0064B31E /* SwiftUIFlow */; };
		1EFB3158293385EF0064B31E /* CommunityPostView.swift in Sources */ = {isa = PBXBuildFile; fileRef = 1EFB3157293385EE0064B31E /* CommunityPostView.swift */; };
		1EFB315A293389610064B31E /* Config.xcconfig in Resources */ = {isa = PBXBuildFile; fileRef = 1EFB3159293389610064B31E /* Config.xcconfig */; };
		1EFB611329175F4800D43D61 /* MyPostView.swift in Sources */ = {isa = PBXBuildFile; fileRef = 1EFB611229175F4800D43D61 /* MyPostView.swift */; };
		1EFB61152917617D00D43D61 /* MyLikeView.swift in Sources */ = {isa = PBXBuildFile; fileRef = 1EFB61142917617D00D43D61 /* MyLikeView.swift */; };
		1EFB61172917627500D43D61 /* SettingView.swift in Sources */ = {isa = PBXBuildFile; fileRef = 1EFB61162917627500D43D61 /* SettingView.swift */; };
/* End PBXBuildFile section */

/* Begin PBXContainerItemProxy section */
		1E1420B528E817C5003EA6D2 /* PBXContainerItemProxy */ = {
			isa = PBXContainerItemProxy;
			containerPortal = 1E14209B28E817C3003EA6D2 /* Project object */;
			proxyType = 1;
			remoteGlobalIDString = 1E1420A228E817C3003EA6D2;
			remoteInfo = "pet-client";
		};
		1E1420BF28E817C5003EA6D2 /* PBXContainerItemProxy */ = {
			isa = PBXContainerItemProxy;
			containerPortal = 1E14209B28E817C3003EA6D2 /* Project object */;
			proxyType = 1;
			remoteGlobalIDString = 1E1420A228E817C3003EA6D2;
			remoteInfo = "pet-client";
		};
/* End PBXContainerItemProxy section */

/* Begin PBXFileReference section */
		05671D20CB687CEB0B6127C1 /* Pods-pet-client-pet-clientUITests.debug.xcconfig */ = {isa = PBXFileReference; includeInIndex = 1; lastKnownFileType = text.xcconfig; name = "Pods-pet-client-pet-clientUITests.debug.xcconfig"; path = "Target Support Files/Pods-pet-client-pet-clientUITests/Pods-pet-client-pet-clientUITests.debug.xcconfig"; sourceTree = "<group>"; };
		1117C2A429113845001FF2FD /* PostDetailView.swift */ = {isa = PBXFileReference; fileEncoding = 4; lastKnownFileType = sourcecode.swift; path = PostDetailView.swift; sourceTree = "<group>"; };
		1117C2A62911388A001FF2FD /* CommentListElem.swift */ = {isa = PBXFileReference; fileEncoding = 4; lastKnownFileType = sourcecode.swift; path = CommentListElem.swift; sourceTree = "<group>"; };
		1117C2A829113B47001FF2FD /* RecommendView.swift */ = {isa = PBXFileReference; fileEncoding = 4; lastKnownFileType = sourcecode.swift; path = RecommendView.swift; sourceTree = "<group>"; };
		11276DE128EC34B0001E5CD9 /* NMapsMap.xcframework */ = {isa = PBXFileReference; lastKnownFileType = wrapper.xcframework; name = NMapsMap.xcframework; path = Pods/NMapsMap/framework/NMapsMap.xcframework; sourceTree = "<group>"; };
		1137E92729336CDC008A8056 /* MapApi.swift */ = {isa = PBXFileReference; lastKnownFileType = sourcecode.swift; path = MapApi.swift; sourceTree = "<group>"; };
		1150219B292134CA00D7E900 /* SearchView.swift */ = {isa = PBXFileReference; lastKnownFileType = sourcecode.swift; path = SearchView.swift; sourceTree = "<group>"; };
		115021A0292146F600D7E900 /* MypageView.swift */ = {isa = PBXFileReference; lastKnownFileType = sourcecode.swift; path = MypageView.swift; sourceTree = "<group>"; };
		116EEDEF29077F4200B41A24 /* SearchBar.swift */ = {isa = PBXFileReference; lastKnownFileType = sourcecode.swift; path = SearchBar.swift; sourceTree = "<group>"; };
		1199AC69293B8C2000E7DCCA /* CommonTabMenu.swift */ = {isa = PBXFileReference; lastKnownFileType = sourcecode.swift; path = CommonTabMenu.swift; sourceTree = "<group>"; };
		11E66CAE28EB44BA00716CF9 /* MainView.swift */ = {isa = PBXFileReference; lastKnownFileType = sourcecode.swift; path = MainView.swift; sourceTree = "<group>"; };
		1E1420A328E817C3003EA6D2 /* pet-client.app */ = {isa = PBXFileReference; explicitFileType = wrapper.application; includeInIndex = 0; path = "pet-client.app"; sourceTree = BUILT_PRODUCTS_DIR; };
		1E1420A628E817C3003EA6D2 /* pet_clientApp.swift */ = {isa = PBXFileReference; lastKnownFileType = sourcecode.swift; path = pet_clientApp.swift; sourceTree = "<group>"; };
		1E1420AA28E817C4003EA6D2 /* Assets.xcassets */ = {isa = PBXFileReference; lastKnownFileType = folder.assetcatalog; path = Assets.xcassets; sourceTree = "<group>"; };
		1E1420AC28E817C4003EA6D2 /* pet_client.entitlements */ = {isa = PBXFileReference; lastKnownFileType = text.plist.entitlements; path = pet_client.entitlements; sourceTree = "<group>"; };
		1E1420AE28E817C4003EA6D2 /* Preview Assets.xcassets */ = {isa = PBXFileReference; lastKnownFileType = folder.assetcatalog; path = "Preview Assets.xcassets"; sourceTree = "<group>"; };
		1E1420B428E817C5003EA6D2 /* pet-clientTests.xctest */ = {isa = PBXFileReference; explicitFileType = wrapper.cfbundle; includeInIndex = 0; path = "pet-clientTests.xctest"; sourceTree = BUILT_PRODUCTS_DIR; };
		1E1420B828E817C5003EA6D2 /* pet_clientTests.swift */ = {isa = PBXFileReference; lastKnownFileType = sourcecode.swift; path = pet_clientTests.swift; sourceTree = "<group>"; };
		1E1420BE28E817C5003EA6D2 /* pet-clientUITests.xctest */ = {isa = PBXFileReference; explicitFileType = wrapper.cfbundle; includeInIndex = 0; path = "pet-clientUITests.xctest"; sourceTree = BUILT_PRODUCTS_DIR; };
		1E1420C228E817C5003EA6D2 /* pet_clientUITests.swift */ = {isa = PBXFileReference; lastKnownFileType = sourcecode.swift; path = pet_clientUITests.swift; sourceTree = "<group>"; };
		1E1420C428E817C5003EA6D2 /* pet_clientUITestsLaunchTests.swift */ = {isa = PBXFileReference; lastKnownFileType = sourcecode.swift; path = pet_clientUITestsLaunchTests.swift; sourceTree = "<group>"; };
		1E31B0DF28F39FCD00654FC0 /* Info.plist */ = {isa = PBXFileReference; lastKnownFileType = text.plist; path = Info.plist; sourceTree = "<group>"; };
		1E3E197C292E1A25009C5BD4 /* GoogleService-Info.plist */ = {isa = PBXFileReference; fileEncoding = 4; lastKnownFileType = text.plist.xml; path = "GoogleService-Info.plist"; sourceTree = "<group>"; };
		1E7052872944290E009341BA /* LocationService.swift */ = {isa = PBXFileReference; lastKnownFileType = sourcecode.swift; path = LocationService.swift; sourceTree = "<group>"; };
		1E70528B2944C04A009341BA /* PlaceApi.swift */ = {isa = PBXFileReference; lastKnownFileType = sourcecode.swift; path = PlaceApi.swift; sourceTree = "<group>"; };
		1E756CF7293C2D8300AAB814 /* LaunchingView.swift */ = {isa = PBXFileReference; lastKnownFileType = sourcecode.swift; path = LaunchingView.swift; sourceTree = "<group>"; };
		1E756CFD293C396300AAB814 /* UserApi.swift */ = {isa = PBXFileReference; lastKnownFileType = sourcecode.swift; path = UserApi.swift; sourceTree = "<group>"; };
		1E756D01293C3C0000AAB814 /* User.swift */ = {isa = PBXFileReference; lastKnownFileType = sourcecode.swift; path = User.swift; sourceTree = "<group>"; };
		1E9BF713293B1EDD00CAF327 /* AuthService.swift */ = {isa = PBXFileReference; lastKnownFileType = sourcecode.swift; path = AuthService.swift; sourceTree = "<group>"; };
		1E9BF718293B8AD600CAF327 /* AppState.swift */ = {isa = PBXFileReference; fileEncoding = 4; lastKnownFileType = sourcecode.swift; path = AppState.swift; sourceTree = "<group>"; };
		1E9BF71E293B8B7100CAF327 /* ContentView.swift */ = {isa = PBXFileReference; lastKnownFileType = sourcecode.swift; path = ContentView.swift; sourceTree = "<group>"; };
		1E9BF720293B8B8300CAF327 /* ContentVM.swift */ = {isa = PBXFileReference; lastKnownFileType = sourcecode.swift; path = ContentVM.swift; sourceTree = "<group>"; };
		1EA19F88290159E800FB8712 /* Login.swift */ = {isa = PBXFileReference; fileEncoding = 4; lastKnownFileType = sourcecode.swift; path = Login.swift; sourceTree = "<group>"; };
		1EACC3FA28FBA6EA009760CE /* ListView.swift */ = {isa = PBXFileReference; lastKnownFileType = sourcecode.swift; path = ListView.swift; sourceTree = "<group>"; };
		1EACC40028FBAD10009760CE /* Palette.swift */ = {isa = PBXFileReference; lastKnownFileType = sourcecode.swift; path = Palette.swift; sourceTree = "<group>"; };
		1EACC40528FBBE4A009760CE /* Place.swift */ = {isa = PBXFileReference; lastKnownFileType = sourcecode.swift; path = Place.swift; sourceTree = "<group>"; };
		1EACC40828FBBE65009760CE /* PlaceTemporary.swift */ = {isa = PBXFileReference; lastKnownFileType = sourcecode.swift; path = PlaceTemporary.swift; sourceTree = "<group>"; };
		1EACC40A28FBD3D5009760CE /* PlaceListElement.swift */ = {isa = PBXFileReference; lastKnownFileType = sourcecode.swift; path = PlaceListElement.swift; sourceTree = "<group>"; };
		1EACC40C28FBDAFF009760CE /* PlaceCard.swift */ = {isa = PBXFileReference; lastKnownFileType = sourcecode.swift; path = PlaceCard.swift; sourceTree = "<group>"; };
		1ECCFF4928E81F3500662084 /* Model.swift */ = {isa = PBXFileReference; lastKnownFileType = sourcecode.swift; path = Model.swift; sourceTree = "<group>"; };
		1ECCFF4B28E81F5E00662084 /* Util.swift */ = {isa = PBXFileReference; lastKnownFileType = sourcecode.swift; path = Util.swift; sourceTree = "<group>"; };
		1ECCFF4D28E81F6400662084 /* LoginView.swift */ = {isa = PBXFileReference; lastKnownFileType = sourcecode.swift; path = LoginView.swift; sourceTree = "<group>"; };
		1ED7C3CA2943262A006AC0CB /* CommunityApi.swift */ = {isa = PBXFileReference; lastKnownFileType = sourcecode.swift; path = CommunityApi.swift; sourceTree = "<group>"; };
		1ED7C3CC294327D2006AC0CB /* CommunityPost.swift */ = {isa = PBXFileReference; lastKnownFileType = sourcecode.swift; path = CommunityPost.swift; sourceTree = "<group>"; };
		1ED7C3D429436CA4006AC0CB /* CommunityView.swift */ = {isa = PBXFileReference; fileEncoding = 4; lastKnownFileType = sourcecode.swift; path = CommunityView.swift; sourceTree = "<group>"; };
		1EE04FE02903EA68002145A7 /* CommunityListElem.swift */ = {isa = PBXFileReference; lastKnownFileType = sourcecode.swift; path = CommunityListElem.swift; sourceTree = "<group>"; };
		1EE04FE32903F314002145A7 /* TabElem.swift */ = {isa = PBXFileReference; lastKnownFileType = sourcecode.swift; path = TabElem.swift; sourceTree = "<group>"; };
		1EE613E728F3EEAA0019C0E4 /* AppDelegate.swift */ = {isa = PBXFileReference; lastKnownFileType = sourcecode.swift; path = AppDelegate.swift; sourceTree = "<group>"; };
		1EFB3157293385EE0064B31E /* CommunityPostView.swift */ = {isa = PBXFileReference; fileEncoding = 4; lastKnownFileType = sourcecode.swift; path = CommunityPostView.swift; sourceTree = "<group>"; };
		1EFB3159293389610064B31E /* Config.xcconfig */ = {isa = PBXFileReference; fileEncoding = 4; lastKnownFileType = text.xcconfig; path = Config.xcconfig; sourceTree = "<group>"; };
		1EFB611229175F4800D43D61 /* MyPostView.swift */ = {isa = PBXFileReference; lastKnownFileType = sourcecode.swift; path = MyPostView.swift; sourceTree = "<group>"; };
		1EFB61142917617D00D43D61 /* MyLikeView.swift */ = {isa = PBXFileReference; lastKnownFileType = sourcecode.swift; path = MyLikeView.swift; sourceTree = "<group>"; };
		1EFB61162917627500D43D61 /* SettingView.swift */ = {isa = PBXFileReference; lastKnownFileType = sourcecode.swift; path = SettingView.swift; sourceTree = "<group>"; };
		4A504451868076EC5BFEAA6C /* Pods-pet-clientTests.debug.xcconfig */ = {isa = PBXFileReference; includeInIndex = 1; lastKnownFileType = text.xcconfig; name = "Pods-pet-clientTests.debug.xcconfig"; path = "Target Support Files/Pods-pet-clientTests/Pods-pet-clientTests.debug.xcconfig"; sourceTree = "<group>"; };
		53BC9C403C52F554867C1C43 /* Pods-pet-client.debug.xcconfig */ = {isa = PBXFileReference; includeInIndex = 1; lastKnownFileType = text.xcconfig; name = "Pods-pet-client.debug.xcconfig"; path = "Target Support Files/Pods-pet-client/Pods-pet-client.debug.xcconfig"; sourceTree = "<group>"; };
		6972AB03348D8EFE5FE47CEF /* Pods-pet-clientTests.release.xcconfig */ = {isa = PBXFileReference; includeInIndex = 1; lastKnownFileType = text.xcconfig; name = "Pods-pet-clientTests.release.xcconfig"; path = "Target Support Files/Pods-pet-clientTests/Pods-pet-clientTests.release.xcconfig"; sourceTree = "<group>"; };
		D4A052339C846DB79063B597 /* Pods-pet-client-pet-clientUITests.release.xcconfig */ = {isa = PBXFileReference; includeInIndex = 1; lastKnownFileType = text.xcconfig; name = "Pods-pet-client-pet-clientUITests.release.xcconfig"; path = "Target Support Files/Pods-pet-client-pet-clientUITests/Pods-pet-client-pet-clientUITests.release.xcconfig"; sourceTree = "<group>"; };
		E7902C5A79CF151EC989BF35 /* Pods-pet-client.release.xcconfig */ = {isa = PBXFileReference; includeInIndex = 1; lastKnownFileType = text.xcconfig; name = "Pods-pet-client.release.xcconfig"; path = "Target Support Files/Pods-pet-client/Pods-pet-client.release.xcconfig"; sourceTree = "<group>"; };
/* End PBXFileReference section */

/* Begin PBXFrameworksBuildPhase section */
		1E1420A028E817C3003EA6D2 /* Frameworks */ = {
			isa = PBXFrameworksBuildPhase;
			buildActionMask = 2147483647;
			files = (
				1EA19F832901591400FB8712 /* Alamofire in Frameworks */,
				1EFB3156293383ED0064B31E /* SwiftUIFlow in Frameworks */,
				1E31B0DE28F39DB700654FC0 /* KakaoSDK in Frameworks */,
				1E31B0F528F3E9C200654FC0 /* NMapsMap.xcframework in Frameworks */,
				1E3E1980292E1BA7009C5BD4 /* FirebaseAnalyticsWithoutAdIdSupport in Frameworks */,
			);
			runOnlyForDeploymentPostprocessing = 0;
		};
		1E1420B128E817C5003EA6D2 /* Frameworks */ = {
			isa = PBXFrameworksBuildPhase;
			buildActionMask = 2147483647;
			files = (
			);
			runOnlyForDeploymentPostprocessing = 0;
		};
		1E1420BB28E817C5003EA6D2 /* Frameworks */ = {
			isa = PBXFrameworksBuildPhase;
			buildActionMask = 2147483647;
			files = (
			);
			runOnlyForDeploymentPostprocessing = 0;
		};
/* End PBXFrameworksBuildPhase section */

/* Begin PBXGroup section */
		1137E92629336CCB008A8056 /* Api */ = {
			isa = PBXGroup;
			children = (
				1137E92729336CDC008A8056 /* MapApi.swift */,
				1ED7C3CA2943262A006AC0CB /* CommunityApi.swift */,
				1E756CFD293C396300AAB814 /* UserApi.swift */,
				1E70528B2944C04A009341BA /* PlaceApi.swift */,
			);
			path = Api;
			sourceTree = "<group>";
		};
		116EEDEE29077F2300B41A24 /* Map */ = {
			isa = PBXGroup;
			children = (
				116EEDEF29077F4200B41A24 /* SearchBar.swift */,
			);
			path = Map;
			sourceTree = "<group>";
		};
		1E14209A28E817C3003EA6D2 = {
			isa = PBXGroup;
			children = (
				1E1420A528E817C3003EA6D2 /* pet-client */,
				1E1420B728E817C5003EA6D2 /* pet-clientTests */,
				1E1420C128E817C5003EA6D2 /* pet-clientUITests */,
				1E1420A428E817C3003EA6D2 /* Products */,
				A4DF6B0D931C993743FF44DC /* Pods */,
				8F416442587A8BA578099F2E /* Frameworks */,
			);
			sourceTree = "<group>";
		};
		1E1420A428E817C3003EA6D2 /* Products */ = {
			isa = PBXGroup;
			children = (
				1E1420A328E817C3003EA6D2 /* pet-client.app */,
				1E1420B428E817C5003EA6D2 /* pet-clientTests.xctest */,
				1E1420BE28E817C5003EA6D2 /* pet-clientUITests.xctest */,
			);
			name = Products;
			sourceTree = "<group>";
		};
		1E1420A528E817C3003EA6D2 /* pet-client */ = {
			isa = PBXGroup;
			children = (
				1E9BF717293B8A2000CAF327 /* Overall */,
				1E3E197C292E1A25009C5BD4 /* GoogleService-Info.plist */,
				1EA19F86290159E800FB8712 /* Network */,
				1EE613E628F3EE9D0019C0E4 /* Resources */,
				1E31B0DF28F39FCD00654FC0 /* Info.plist */,
				1E1420D128E81861003EA6D2 /* Component */,
				1E1420D328E81870003EA6D2 /* Model */,
				1E1420D228E8186E003EA6D2 /* Util */,
				1E1420D528E81A06003EA6D2 /* View */,
				1E1420A628E817C3003EA6D2 /* pet_clientApp.swift */,
				1E9BF712293B1ED100CAF327 /* Service */,
				1E1420AA28E817C4003EA6D2 /* Assets.xcassets */,
				1E1420AC28E817C4003EA6D2 /* pet_client.entitlements */,
				1EFB3159293389610064B31E /* Config.xcconfig */,
				1E1420AD28E817C4003EA6D2 /* Preview Content */,
			);
			path = "pet-client";
			sourceTree = "<group>";
		};
		1E1420AD28E817C4003EA6D2 /* Preview Content */ = {
			isa = PBXGroup;
			children = (
				1E1420AE28E817C4003EA6D2 /* Preview Assets.xcassets */,
			);
			path = "Preview Content";
			sourceTree = "<group>";
		};
		1E1420B728E817C5003EA6D2 /* pet-clientTests */ = {
			isa = PBXGroup;
			children = (
				1E1420B828E817C5003EA6D2 /* pet_clientTests.swift */,
			);
			path = "pet-clientTests";
			sourceTree = "<group>";
		};
		1E1420C128E817C5003EA6D2 /* pet-clientUITests */ = {
			isa = PBXGroup;
			children = (
				1E1420C228E817C5003EA6D2 /* pet_clientUITests.swift */,
				1E1420C428E817C5003EA6D2 /* pet_clientUITestsLaunchTests.swift */,
			);
			path = "pet-clientUITests";
			sourceTree = "<group>";
		};
		1E1420D128E81861003EA6D2 /* Component */ = {
			isa = PBXGroup;
			children = (
				1EE04FE22903F30A002145A7 /* Common */,
				1EE04FDF2903EA5E002145A7 /* Community */,
				116EEDEE29077F2300B41A24 /* Map */,
				1EA19F6D2901432C00FB8712 /* Place */,
			);
			path = Component;
			sourceTree = "<group>";
		};
		1E1420D228E8186E003EA6D2 /* Util */ = {
			isa = PBXGroup;
			children = (
				1ECCFF4B28E81F5E00662084 /* Util.swift */,
			);
			path = Util;
			sourceTree = "<group>";
		};
		1E1420D328E81870003EA6D2 /* Model */ = {
			isa = PBXGroup;
			children = (
				1EACC40728FBBE59009760CE /* Temporary */,
				1ECCFF4928E81F3500662084 /* Model.swift */,
				1EACC40528FBBE4A009760CE /* Place.swift */,
				1E756D01293C3C0000AAB814 /* User.swift */,
				1ED7C3CC294327D2006AC0CB /* CommunityPost.swift */,
			);
			path = Model;
			sourceTree = "<group>";
		};
		1E1420D528E81A06003EA6D2 /* View */ = {
			isa = PBXGroup;
			children = (
				1ED7C3D429436CA4006AC0CB /* CommunityView.swift */,
				1117C2A829113B47001FF2FD /* RecommendView.swift */,
				1117C2A429113845001FF2FD /* PostDetailView.swift */,
				11E66CAE28EB44BA00716CF9 /* MainView.swift */,
				1150219B292134CA00D7E900 /* SearchView.swift */,
				1ECCFF4D28E81F6400662084 /* LoginView.swift */,
				1EFB3157293385EE0064B31E /* CommunityPostView.swift */,
				1EACC3FA28FBA6EA009760CE /* ListView.swift */,
				1EFB611229175F4800D43D61 /* MyPostView.swift */,
				1EFB61142917617D00D43D61 /* MyLikeView.swift */,
				1EFB61162917627500D43D61 /* SettingView.swift */,
				115021A0292146F600D7E900 /* MypageView.swift */,
				1E756CF7293C2D8300AAB814 /* LaunchingView.swift */,
			);
			path = View;
			sourceTree = "<group>";
		};
		1E9BF712293B1ED100CAF327 /* Service */ = {
			isa = PBXGroup;
			children = (
				1E9BF713293B1EDD00CAF327 /* AuthService.swift */,
				1E7052872944290E009341BA /* LocationService.swift */,
			);
			path = Service;
			sourceTree = "<group>";
		};
		1E9BF717293B8A2000CAF327 /* Overall */ = {
			isa = PBXGroup;
			children = (
				1E9BF718293B8AD600CAF327 /* AppState.swift */,
				1E9BF71E293B8B7100CAF327 /* ContentView.swift */,
				1E9BF720293B8B8300CAF327 /* ContentVM.swift */,
			);
			path = Overall;
			sourceTree = "<group>";
		};
		1EA19F6D2901432C00FB8712 /* Place */ = {
			isa = PBXGroup;
			children = (
				1EACC40A28FBD3D5009760CE /* PlaceListElement.swift */,
				1EACC40C28FBDAFF009760CE /* PlaceCard.swift */,
			);
			path = Place;
			sourceTree = "<group>";
		};
		1EA19F86290159E800FB8712 /* Network */ = {
			isa = PBXGroup;
			children = (
				1137E92629336CCB008A8056 /* Api */,
				1EA19F87290159E800FB8712 /* Auth */,
			);
			path = Network;
			sourceTree = "<group>";
		};
		1EA19F87290159E800FB8712 /* Auth */ = {
			isa = PBXGroup;
			children = (
				1EA19F88290159E800FB8712 /* Login.swift */,
			);
			path = Auth;
			sourceTree = "<group>";
		};
		1EACC40728FBBE59009760CE /* Temporary */ = {
			isa = PBXGroup;
			children = (
				1EACC40828FBBE65009760CE /* PlaceTemporary.swift */,
			);
			path = Temporary;
			sourceTree = "<group>";
		};
		1EE04FDF2903EA5E002145A7 /* Community */ = {
			isa = PBXGroup;
			children = (
				1117C2A62911388A001FF2FD /* CommentListElem.swift */,
				1EE04FE02903EA68002145A7 /* CommunityListElem.swift */,
			);
			path = Community;
			sourceTree = "<group>";
		};
		1EE04FE22903F30A002145A7 /* Common */ = {
			isa = PBXGroup;
			children = (
				1EE04FE32903F314002145A7 /* TabElem.swift */,
				1199AC69293B8C2000E7DCCA /* CommonTabMenu.swift */,
			);
			path = Common;
			sourceTree = "<group>";
		};
		1EE613E628F3EE9D0019C0E4 /* Resources */ = {
			isa = PBXGroup;
			children = (
				1EE613E728F3EEAA0019C0E4 /* AppDelegate.swift */,
				1EACC40028FBAD10009760CE /* Palette.swift */,
			);
			path = Resources;
			sourceTree = "<group>";
		};
		8F416442587A8BA578099F2E /* Frameworks */ = {
			isa = PBXGroup;
			children = (
				11276DE128EC34B0001E5CD9 /* NMapsMap.xcframework */,
			);
			name = Frameworks;
			sourceTree = "<group>";
		};
		A4DF6B0D931C993743FF44DC /* Pods */ = {
			isa = PBXGroup;
			children = (
				53BC9C403C52F554867C1C43 /* Pods-pet-client.debug.xcconfig */,
				E7902C5A79CF151EC989BF35 /* Pods-pet-client.release.xcconfig */,
				05671D20CB687CEB0B6127C1 /* Pods-pet-client-pet-clientUITests.debug.xcconfig */,
				D4A052339C846DB79063B597 /* Pods-pet-client-pet-clientUITests.release.xcconfig */,
				4A504451868076EC5BFEAA6C /* Pods-pet-clientTests.debug.xcconfig */,
				6972AB03348D8EFE5FE47CEF /* Pods-pet-clientTests.release.xcconfig */,
			);
			path = Pods;
			sourceTree = "<group>";
		};
/* End PBXGroup section */

/* Begin PBXNativeTarget section */
		1E1420A228E817C3003EA6D2 /* pet-client */ = {
			isa = PBXNativeTarget;
			buildConfigurationList = 1E1420C828E817C5003EA6D2 /* Build configuration list for PBXNativeTarget "pet-client" */;
			buildPhases = (
				928DA3738E4B2CDBA15C550D /* [CP] Check Pods Manifest.lock */,
				1E14209F28E817C3003EA6D2 /* Sources */,
				1E1420A028E817C3003EA6D2 /* Frameworks */,
				1E1420A128E817C3003EA6D2 /* Resources */,
				C7AA3162EC6CB89437F8EA63 /* [CP] Embed Pods Frameworks */,
			);
			buildRules = (
			);
			dependencies = (
			);
			name = "pet-client";
			packageProductDependencies = (
				1E31B0DD28F39DB700654FC0 /* KakaoSDK */,
				1EA19F822901591400FB8712 /* Alamofire */,
				1E3E197F292E1BA7009C5BD4 /* FirebaseAnalyticsWithoutAdIdSupport */,
				1EFB3155293383ED0064B31E /* SwiftUIFlow */,
			);
			productName = "pet-client";
			productReference = 1E1420A328E817C3003EA6D2 /* pet-client.app */;
			productType = "com.apple.product-type.application";
		};
		1E1420B328E817C5003EA6D2 /* pet-clientTests */ = {
			isa = PBXNativeTarget;
			buildConfigurationList = 1E1420CB28E817C5003EA6D2 /* Build configuration list for PBXNativeTarget "pet-clientTests" */;
			buildPhases = (
				4A9EE8952D5C4015CDB73285 /* [CP] Check Pods Manifest.lock */,
				1E1420B028E817C5003EA6D2 /* Sources */,
				1E1420B128E817C5003EA6D2 /* Frameworks */,
				1E1420B228E817C5003EA6D2 /* Resources */,
			);
			buildRules = (
			);
			dependencies = (
				1E1420B628E817C5003EA6D2 /* PBXTargetDependency */,
			);
			name = "pet-clientTests";
			productName = "pet-clientTests";
			productReference = 1E1420B428E817C5003EA6D2 /* pet-clientTests.xctest */;
			productType = "com.apple.product-type.bundle.unit-test";
		};
		1E1420BD28E817C5003EA6D2 /* pet-clientUITests */ = {
			isa = PBXNativeTarget;
			buildConfigurationList = 1E1420CE28E817C5003EA6D2 /* Build configuration list for PBXNativeTarget "pet-clientUITests" */;
			buildPhases = (
				8B668202BAE2205597978E37 /* [CP] Check Pods Manifest.lock */,
				1E1420BA28E817C5003EA6D2 /* Sources */,
				1E1420BB28E817C5003EA6D2 /* Frameworks */,
				1E1420BC28E817C5003EA6D2 /* Resources */,
				18BF4600D1ABA738CBF53BB6 /* [CP] Embed Pods Frameworks */,
			);
			buildRules = (
			);
			dependencies = (
				1E1420C028E817C5003EA6D2 /* PBXTargetDependency */,
			);
			name = "pet-clientUITests";
			productName = "pet-clientUITests";
			productReference = 1E1420BE28E817C5003EA6D2 /* pet-clientUITests.xctest */;
			productType = "com.apple.product-type.bundle.ui-testing";
		};
/* End PBXNativeTarget section */

/* Begin PBXProject section */
		1E14209B28E817C3003EA6D2 /* Project object */ = {
			isa = PBXProject;
			attributes = {
				BuildIndependentTargetsInParallel = 1;
				LastSwiftUpdateCheck = 1400;
				LastUpgradeCheck = 1400;
				TargetAttributes = {
					1E1420A228E817C3003EA6D2 = {
						CreatedOnToolsVersion = 14.0.1;
					};
					1E1420B328E817C5003EA6D2 = {
						CreatedOnToolsVersion = 14.0.1;
						TestTargetID = 1E1420A228E817C3003EA6D2;
					};
					1E1420BD28E817C5003EA6D2 = {
						CreatedOnToolsVersion = 14.0.1;
						TestTargetID = 1E1420A228E817C3003EA6D2;
					};
				};
			};
			buildConfigurationList = 1E14209E28E817C3003EA6D2 /* Build configuration list for PBXProject "pet-client" */;
			compatibilityVersion = "Xcode 14.0";
			developmentRegion = en;
			hasScannedForEncodings = 0;
			knownRegions = (
				en,
				Base,
			);
			mainGroup = 1E14209A28E817C3003EA6D2;
			packageReferences = (
				1E31B0DC28F39DB700654FC0 /* XCRemoteSwiftPackageReference "kakao-ios-sdk" */,
				1EA19F812901591400FB8712 /* XCRemoteSwiftPackageReference "Alamofire" */,
				1E3E197E292E1BA7009C5BD4 /* XCRemoteSwiftPackageReference "firebase-ios-sdk" */,
				1EFB3154293383ED0064B31E /* XCRemoteSwiftPackageReference "SwiftUIFlow" */,
			);
			productRefGroup = 1E1420A428E817C3003EA6D2 /* Products */;
			projectDirPath = "";
			projectRoot = "";
			targets = (
				1E1420A228E817C3003EA6D2 /* pet-client */,
				1E1420B328E817C5003EA6D2 /* pet-clientTests */,
				1E1420BD28E817C5003EA6D2 /* pet-clientUITests */,
			);
		};
/* End PBXProject section */

/* Begin PBXResourcesBuildPhase section */
		1E1420A128E817C3003EA6D2 /* Resources */ = {
			isa = PBXResourcesBuildPhase;
			buildActionMask = 2147483647;
			files = (
				1EFB315A293389610064B31E /* Config.xcconfig in Resources */,
				1E1420AF28E817C4003EA6D2 /* Preview Assets.xcassets in Resources */,
				1E3E197D292E1A25009C5BD4 /* GoogleService-Info.plist in Resources */,
				1E1420AB28E817C4003EA6D2 /* Assets.xcassets in Resources */,
			);
			runOnlyForDeploymentPostprocessing = 0;
		};
		1E1420B228E817C5003EA6D2 /* Resources */ = {
			isa = PBXResourcesBuildPhase;
			buildActionMask = 2147483647;
			files = (
			);
			runOnlyForDeploymentPostprocessing = 0;
		};
		1E1420BC28E817C5003EA6D2 /* Resources */ = {
			isa = PBXResourcesBuildPhase;
			buildActionMask = 2147483647;
			files = (
			);
			runOnlyForDeploymentPostprocessing = 0;
		};
/* End PBXResourcesBuildPhase section */

/* Begin PBXShellScriptBuildPhase section */
		18BF4600D1ABA738CBF53BB6 /* [CP] Embed Pods Frameworks */ = {
			isa = PBXShellScriptBuildPhase;
			buildActionMask = 2147483647;
			files = (
			);
			inputFileListPaths = (
				"${PODS_ROOT}/Target Support Files/Pods-pet-client-pet-clientUITests/Pods-pet-client-pet-clientUITests-frameworks-${CONFIGURATION}-input-files.xcfilelist",
			);
			name = "[CP] Embed Pods Frameworks";
			outputFileListPaths = (
				"${PODS_ROOT}/Target Support Files/Pods-pet-client-pet-clientUITests/Pods-pet-client-pet-clientUITests-frameworks-${CONFIGURATION}-output-files.xcfilelist",
			);
			runOnlyForDeploymentPostprocessing = 0;
			shellPath = /bin/sh;
			shellScript = "\"${PODS_ROOT}/Target Support Files/Pods-pet-client-pet-clientUITests/Pods-pet-client-pet-clientUITests-frameworks.sh\"\n";
			showEnvVarsInLog = 0;
		};
		4A9EE8952D5C4015CDB73285 /* [CP] Check Pods Manifest.lock */ = {
			isa = PBXShellScriptBuildPhase;
			buildActionMask = 2147483647;
			files = (
			);
			inputFileListPaths = (
			);
			inputPaths = (
				"${PODS_PODFILE_DIR_PATH}/Podfile.lock",
				"${PODS_ROOT}/Manifest.lock",
			);
			name = "[CP] Check Pods Manifest.lock";
			outputFileListPaths = (
			);
			outputPaths = (
				"$(DERIVED_FILE_DIR)/Pods-pet-clientTests-checkManifestLockResult.txt",
			);
			runOnlyForDeploymentPostprocessing = 0;
			shellPath = /bin/sh;
			shellScript = "diff \"${PODS_PODFILE_DIR_PATH}/Podfile.lock\" \"${PODS_ROOT}/Manifest.lock\" > /dev/null\nif [ $? != 0 ] ; then\n    # print error to STDERR\n    echo \"error: The sandbox is not in sync with the Podfile.lock. Run 'pod install' or update your CocoaPods installation.\" >&2\n    exit 1\nfi\n# This output is used by Xcode 'outputs' to avoid re-running this script phase.\necho \"SUCCESS\" > \"${SCRIPT_OUTPUT_FILE_0}\"\n";
			showEnvVarsInLog = 0;
		};
		8B668202BAE2205597978E37 /* [CP] Check Pods Manifest.lock */ = {
			isa = PBXShellScriptBuildPhase;
			buildActionMask = 2147483647;
			files = (
			);
			inputFileListPaths = (
			);
			inputPaths = (
				"${PODS_PODFILE_DIR_PATH}/Podfile.lock",
				"${PODS_ROOT}/Manifest.lock",
			);
			name = "[CP] Check Pods Manifest.lock";
			outputFileListPaths = (
			);
			outputPaths = (
				"$(DERIVED_FILE_DIR)/Pods-pet-client-pet-clientUITests-checkManifestLockResult.txt",
			);
			runOnlyForDeploymentPostprocessing = 0;
			shellPath = /bin/sh;
			shellScript = "diff \"${PODS_PODFILE_DIR_PATH}/Podfile.lock\" \"${PODS_ROOT}/Manifest.lock\" > /dev/null\nif [ $? != 0 ] ; then\n    # print error to STDERR\n    echo \"error: The sandbox is not in sync with the Podfile.lock. Run 'pod install' or update your CocoaPods installation.\" >&2\n    exit 1\nfi\n# This output is used by Xcode 'outputs' to avoid re-running this script phase.\necho \"SUCCESS\" > \"${SCRIPT_OUTPUT_FILE_0}\"\n";
			showEnvVarsInLog = 0;
		};
		928DA3738E4B2CDBA15C550D /* [CP] Check Pods Manifest.lock */ = {
			isa = PBXShellScriptBuildPhase;
			buildActionMask = 2147483647;
			files = (
			);
			inputFileListPaths = (
			);
			inputPaths = (
				"${PODS_PODFILE_DIR_PATH}/Podfile.lock",
				"${PODS_ROOT}/Manifest.lock",
			);
			name = "[CP] Check Pods Manifest.lock";
			outputFileListPaths = (
			);
			outputPaths = (
				"$(DERIVED_FILE_DIR)/Pods-pet-client-checkManifestLockResult.txt",
			);
			runOnlyForDeploymentPostprocessing = 0;
			shellPath = /bin/sh;
			shellScript = "diff \"${PODS_PODFILE_DIR_PATH}/Podfile.lock\" \"${PODS_ROOT}/Manifest.lock\" > /dev/null\nif [ $? != 0 ] ; then\n    # print error to STDERR\n    echo \"error: The sandbox is not in sync with the Podfile.lock. Run 'pod install' or update your CocoaPods installation.\" >&2\n    exit 1\nfi\n# This output is used by Xcode 'outputs' to avoid re-running this script phase.\necho \"SUCCESS\" > \"${SCRIPT_OUTPUT_FILE_0}\"\n";
			showEnvVarsInLog = 0;
		};
		C7AA3162EC6CB89437F8EA63 /* [CP] Embed Pods Frameworks */ = {
			isa = PBXShellScriptBuildPhase;
			buildActionMask = 2147483647;
			files = (
			);
			inputFileListPaths = (
				"${PODS_ROOT}/Target Support Files/Pods-pet-client/Pods-pet-client-frameworks-${CONFIGURATION}-input-files.xcfilelist",
			);
			name = "[CP] Embed Pods Frameworks";
			outputFileListPaths = (
				"${PODS_ROOT}/Target Support Files/Pods-pet-client/Pods-pet-client-frameworks-${CONFIGURATION}-output-files.xcfilelist",
			);
			runOnlyForDeploymentPostprocessing = 0;
			shellPath = /bin/sh;
			shellScript = "\"${PODS_ROOT}/Target Support Files/Pods-pet-client/Pods-pet-client-frameworks.sh\"\n";
			showEnvVarsInLog = 0;
		};
/* End PBXShellScriptBuildPhase section */

/* Begin PBXSourcesBuildPhase section */
		1E14209F28E817C3003EA6D2 /* Sources */ = {
			isa = PBXSourcesBuildPhase;
			buildActionMask = 2147483647;
			files = (
				1ED7C3D529436CA4006AC0CB /* CommunityView.swift in Sources */,
				11E66CAF28EB44BA00716CF9 /* MainView.swift in Sources */,
				1ED7C3CD294327D2006AC0CB /* CommunityPost.swift in Sources */,
				1E70528C2944C04A009341BA /* PlaceApi.swift in Sources */,
				1EA19F89290159E800FB8712 /* Login.swift in Sources */,
				1ECCFF4E28E81F6400662084 /* LoginView.swift in Sources */,
				1EE613E828F3EEAA0019C0E4 /* AppDelegate.swift in Sources */,
				1EFB3158293385EF0064B31E /* CommunityPostView.swift in Sources */,
				1EFB61172917627500D43D61 /* SettingView.swift in Sources */,
				1EFB61172917627500D43D61 /* SettingView.swift in Sources */,
				1150219C292134CA00D7E900 /* SearchView.swift in Sources */,
				1ECCFF4C28E81F5E00662084 /* Util.swift in Sources */,
				1EACC40628FBBE4A009760CE /* Place.swift in Sources */,
				1117C2A929113B47001FF2FD /* RecommendView.swift in Sources */,
				1E9BF71B293B8AD700CAF327 /* AppState.swift in Sources */,
				1E756CFE293C396300AAB814 /* UserApi.swift in Sources */,
				1E9BF721293B8B8300CAF327 /* ContentVM.swift in Sources */,
				115021A1292146F600D7E900 /* MypageView.swift in Sources */,
				1ED7C3CB2943262A006AC0CB /* CommunityApi.swift in Sources */,
				1EE04FE12903EA68002145A7 /* CommunityListElem.swift in Sources */,
				1EACC40D28FBDAFF009760CE /* PlaceCard.swift in Sources */,
				1EACC40128FBAD10009760CE /* Palette.swift in Sources */,
				1EFB611329175F4800D43D61 /* MyPostView.swift in Sources */,
				1E7052882944290E009341BA /* LocationService.swift in Sources */,
				1EE04FE42903F314002145A7 /* TabElem.swift in Sources */,
				1E1420A728E817C3003EA6D2 /* pet_clientApp.swift in Sources */,
				1EACC40928FBBE65009760CE /* PlaceTemporary.swift in Sources */,
				1EFB61152917617D00D43D61 /* MyLikeView.swift in Sources */,
				1EACC40B28FBD3D5009760CE /* PlaceListElement.swift in Sources */,
				1E756CF8293C2D8300AAB814 /* LaunchingView.swift in Sources */,
				1EACC3FB28FBA6EA009760CE /* ListView.swift in Sources */,
				1117C2A529113845001FF2FD /* PostDetailView.swift in Sources */,
				1137E92829336CDC008A8056 /* MapApi.swift in Sources */,
				1199AC6A293B8C2000E7DCCA /* CommonTabMenu.swift in Sources */,
				1117C2A72911388A001FF2FD /* CommentListElem.swift in Sources */,
				1E9BF714293B1EDD00CAF327 /* AuthService.swift in Sources */,
				1E756D02293C3C0000AAB814 /* User.swift in Sources */,
				1E9BF71F293B8B7100CAF327 /* ContentView.swift in Sources */,
				116EEDF029077F4200B41A24 /* SearchBar.swift in Sources */,
				1ECCFF4A28E81F3500662084 /* Model.swift in Sources */,
			);
			runOnlyForDeploymentPostprocessing = 0;
		};
		1E1420B028E817C5003EA6D2 /* Sources */ = {
			isa = PBXSourcesBuildPhase;
			buildActionMask = 2147483647;
			files = (
				1E1420B928E817C5003EA6D2 /* pet_clientTests.swift in Sources */,
			);
			runOnlyForDeploymentPostprocessing = 0;
		};
		1E1420BA28E817C5003EA6D2 /* Sources */ = {
			isa = PBXSourcesBuildPhase;
			buildActionMask = 2147483647;
			files = (
				1E1420C328E817C5003EA6D2 /* pet_clientUITests.swift in Sources */,
				1E1420C528E817C5003EA6D2 /* pet_clientUITestsLaunchTests.swift in Sources */,
			);
			runOnlyForDeploymentPostprocessing = 0;
		};
/* End PBXSourcesBuildPhase section */

/* Begin PBXTargetDependency section */
		1E1420B628E817C5003EA6D2 /* PBXTargetDependency */ = {
			isa = PBXTargetDependency;
			target = 1E1420A228E817C3003EA6D2 /* pet-client */;
			targetProxy = 1E1420B528E817C5003EA6D2 /* PBXContainerItemProxy */;
		};
		1E1420C028E817C5003EA6D2 /* PBXTargetDependency */ = {
			isa = PBXTargetDependency;
			target = 1E1420A228E817C3003EA6D2 /* pet-client */;
			targetProxy = 1E1420BF28E817C5003EA6D2 /* PBXContainerItemProxy */;
		};
/* End PBXTargetDependency section */

/* Begin XCBuildConfiguration section */
		1E1420C628E817C5003EA6D2 /* Debug */ = {
			isa = XCBuildConfiguration;
			baseConfigurationReference = 1EFB3159293389610064B31E /* Config.xcconfig */;
			buildSettings = {
				ALWAYS_SEARCH_USER_PATHS = NO;
				CLANG_ANALYZER_NONNULL = YES;
				CLANG_ANALYZER_NUMBER_OBJECT_CONVERSION = YES_AGGRESSIVE;
				CLANG_CXX_LANGUAGE_STANDARD = "gnu++20";
				CLANG_ENABLE_MODULES = YES;
				CLANG_ENABLE_OBJC_ARC = YES;
				CLANG_ENABLE_OBJC_WEAK = YES;
				CLANG_WARN_BLOCK_CAPTURE_AUTORELEASING = YES;
				CLANG_WARN_BOOL_CONVERSION = YES;
				CLANG_WARN_COMMA = YES;
				CLANG_WARN_CONSTANT_CONVERSION = YES;
				CLANG_WARN_DEPRECATED_OBJC_IMPLEMENTATIONS = YES;
				CLANG_WARN_DIRECT_OBJC_ISA_USAGE = YES_ERROR;
				CLANG_WARN_DOCUMENTATION_COMMENTS = YES;
				CLANG_WARN_EMPTY_BODY = YES;
				CLANG_WARN_ENUM_CONVERSION = YES;
				CLANG_WARN_INFINITE_RECURSION = YES;
				CLANG_WARN_INT_CONVERSION = YES;
				CLANG_WARN_NON_LITERAL_NULL_CONVERSION = YES;
				CLANG_WARN_OBJC_IMPLICIT_RETAIN_SELF = YES;
				CLANG_WARN_OBJC_LITERAL_CONVERSION = YES;
				CLANG_WARN_OBJC_ROOT_CLASS = YES_ERROR;
				CLANG_WARN_QUOTED_INCLUDE_IN_FRAMEWORK_HEADER = YES;
				CLANG_WARN_RANGE_LOOP_ANALYSIS = YES;
				CLANG_WARN_STRICT_PROTOTYPES = YES;
				CLANG_WARN_SUSPICIOUS_MOVE = YES;
				CLANG_WARN_UNGUARDED_AVAILABILITY = YES_AGGRESSIVE;
				CLANG_WARN_UNREACHABLE_CODE = YES;
				CLANG_WARN__DUPLICATE_METHOD_MATCH = YES;
				COPY_PHASE_STRIP = NO;
				DEAD_CODE_STRIPPING = YES;
				DEBUG_INFORMATION_FORMAT = dwarf;
				ENABLE_STRICT_OBJC_MSGSEND = YES;
				ENABLE_TESTABILITY = YES;
				GCC_C_LANGUAGE_STANDARD = gnu11;
				GCC_DYNAMIC_NO_PIC = NO;
				GCC_NO_COMMON_BLOCKS = YES;
				GCC_OPTIMIZATION_LEVEL = 0;
				GCC_PREPROCESSOR_DEFINITIONS = (
					"DEBUG=1",
					"$(inherited)",
				);
				GCC_WARN_64_TO_32_BIT_CONVERSION = YES;
				GCC_WARN_ABOUT_RETURN_TYPE = YES_ERROR;
				GCC_WARN_UNDECLARED_SELECTOR = YES;
				GCC_WARN_UNINITIALIZED_AUTOS = YES_AGGRESSIVE;
				GCC_WARN_UNUSED_FUNCTION = YES;
				GCC_WARN_UNUSED_VARIABLE = YES;
				MTL_ENABLE_DEBUG_INFO = INCLUDE_SOURCE;
				MTL_FAST_MATH = YES;
				ONLY_ACTIVE_ARCH = YES;
				SWIFT_ACTIVE_COMPILATION_CONDITIONS = DEBUG;
				SWIFT_OPTIMIZATION_LEVEL = "-Onone";
			};
			name = Debug;
		};
		1E1420C728E817C5003EA6D2 /* Release */ = {
			isa = XCBuildConfiguration;
			baseConfigurationReference = 1EFB3159293389610064B31E /* Config.xcconfig */;
			buildSettings = {
				ALWAYS_SEARCH_USER_PATHS = NO;
				CLANG_ANALYZER_NONNULL = YES;
				CLANG_ANALYZER_NUMBER_OBJECT_CONVERSION = YES_AGGRESSIVE;
				CLANG_CXX_LANGUAGE_STANDARD = "gnu++20";
				CLANG_ENABLE_MODULES = YES;
				CLANG_ENABLE_OBJC_ARC = YES;
				CLANG_ENABLE_OBJC_WEAK = YES;
				CLANG_WARN_BLOCK_CAPTURE_AUTORELEASING = YES;
				CLANG_WARN_BOOL_CONVERSION = YES;
				CLANG_WARN_COMMA = YES;
				CLANG_WARN_CONSTANT_CONVERSION = YES;
				CLANG_WARN_DEPRECATED_OBJC_IMPLEMENTATIONS = YES;
				CLANG_WARN_DIRECT_OBJC_ISA_USAGE = YES_ERROR;
				CLANG_WARN_DOCUMENTATION_COMMENTS = YES;
				CLANG_WARN_EMPTY_BODY = YES;
				CLANG_WARN_ENUM_CONVERSION = YES;
				CLANG_WARN_INFINITE_RECURSION = YES;
				CLANG_WARN_INT_CONVERSION = YES;
				CLANG_WARN_NON_LITERAL_NULL_CONVERSION = YES;
				CLANG_WARN_OBJC_IMPLICIT_RETAIN_SELF = YES;
				CLANG_WARN_OBJC_LITERAL_CONVERSION = YES;
				CLANG_WARN_OBJC_ROOT_CLASS = YES_ERROR;
				CLANG_WARN_QUOTED_INCLUDE_IN_FRAMEWORK_HEADER = YES;
				CLANG_WARN_RANGE_LOOP_ANALYSIS = YES;
				CLANG_WARN_STRICT_PROTOTYPES = YES;
				CLANG_WARN_SUSPICIOUS_MOVE = YES;
				CLANG_WARN_UNGUARDED_AVAILABILITY = YES_AGGRESSIVE;
				CLANG_WARN_UNREACHABLE_CODE = YES;
				CLANG_WARN__DUPLICATE_METHOD_MATCH = YES;
				COPY_PHASE_STRIP = NO;
				DEAD_CODE_STRIPPING = YES;
				DEBUG_INFORMATION_FORMAT = "dwarf-with-dsym";
				ENABLE_NS_ASSERTIONS = NO;
				ENABLE_STRICT_OBJC_MSGSEND = YES;
				GCC_C_LANGUAGE_STANDARD = gnu11;
				GCC_NO_COMMON_BLOCKS = YES;
				GCC_WARN_64_TO_32_BIT_CONVERSION = YES;
				GCC_WARN_ABOUT_RETURN_TYPE = YES_ERROR;
				GCC_WARN_UNDECLARED_SELECTOR = YES;
				GCC_WARN_UNINITIALIZED_AUTOS = YES_AGGRESSIVE;
				GCC_WARN_UNUSED_FUNCTION = YES;
				GCC_WARN_UNUSED_VARIABLE = YES;
				MTL_ENABLE_DEBUG_INFO = NO;
				MTL_FAST_MATH = YES;
				ONLY_ACTIVE_ARCH = YES;
				SWIFT_COMPILATION_MODE = wholemodule;
				SWIFT_OPTIMIZATION_LEVEL = "-O";
			};
			name = Release;
		};
		1E1420C928E817C5003EA6D2 /* Debug */ = {
			isa = XCBuildConfiguration;
			baseConfigurationReference = 53BC9C403C52F554867C1C43 /* Pods-pet-client.debug.xcconfig */;
			buildSettings = {
				ASSETCATALOG_COMPILER_APPICON_NAME = AppIcon;
				ASSETCATALOG_COMPILER_GLOBAL_ACCENT_COLOR_NAME = AccentColor;
				CODE_SIGN_ENTITLEMENTS = "pet-client/pet_client.entitlements";
				CODE_SIGN_IDENTITY = "-";
				"CODE_SIGN_IDENTITY[sdk=iphoneos*]" = "Apple Development";
				CODE_SIGN_STYLE = Automatic;
				CURRENT_PROJECT_VERSION = 1;
				DEAD_CODE_STRIPPING = YES;
				DEVELOPMENT_ASSET_PATHS = "\"pet-client/Preview Content\"";
				DEVELOPMENT_TEAM = X5UR894364;
				ENABLE_PREVIEWS = YES;
				"EXCLUDED_ARCHS[sdk=iphonesimulator*]" = arm64;
				GENERATE_INFOPLIST_FILE = YES;
				INFOPLIST_FILE = "pet-client/Info.plist";
				INFOPLIST_KEY_NSLocationAlwaysAndWhenInUseUsageDescription = "현위치를 이용합니다";
				INFOPLIST_KEY_UIApplicationSceneManifest_Generation = YES;
				"INFOPLIST_KEY_UIApplicationSceneManifest_Generation[sdk=iphoneos*]" = YES;
				"INFOPLIST_KEY_UIApplicationSceneManifest_Generation[sdk=iphonesimulator*]" = YES;
				INFOPLIST_KEY_UIApplicationSupportsIndirectInputEvents = YES;
				"INFOPLIST_KEY_UIApplicationSupportsIndirectInputEvents[sdk=iphoneos*]" = YES;
				"INFOPLIST_KEY_UIApplicationSupportsIndirectInputEvents[sdk=iphonesimulator*]" = YES;
				INFOPLIST_KEY_UILaunchScreen_Generation = YES;
				"INFOPLIST_KEY_UILaunchScreen_Generation[sdk=iphoneos*]" = YES;
				"INFOPLIST_KEY_UILaunchScreen_Generation[sdk=iphonesimulator*]" = YES;
				INFOPLIST_KEY_UIStatusBarStyle = UIStatusBarStyleDefault;
				"INFOPLIST_KEY_UIStatusBarStyle[sdk=iphoneos*]" = UIStatusBarStyleDefault;
				"INFOPLIST_KEY_UIStatusBarStyle[sdk=iphonesimulator*]" = UIStatusBarStyleDefault;
				INFOPLIST_KEY_UISupportedInterfaceOrientations_iPad = "UIInterfaceOrientationPortrait UIInterfaceOrientationPortraitUpsideDown UIInterfaceOrientationLandscapeLeft UIInterfaceOrientationLandscapeRight";
				INFOPLIST_KEY_UISupportedInterfaceOrientations_iPhone = "UIInterfaceOrientationPortrait UIInterfaceOrientationLandscapeLeft UIInterfaceOrientationLandscapeRight";
				IPHONEOS_DEPLOYMENT_TARGET = 16.0;
				LD_RUNPATH_SEARCH_PATHS = "@executable_path/Frameworks";
				"LD_RUNPATH_SEARCH_PATHS[sdk=macosx*]" = "@executable_path/../Frameworks";
				MACOSX_DEPLOYMENT_TARGET = 12.3;
				MARKETING_VERSION = 1.0;
				OTHER_LDFLAGS = "$(inherited)";
				PRODUCT_BUNDLE_IDENTIFIER = "iOS.PET.pet-client";
				PRODUCT_NAME = "$(TARGET_NAME)";
				SDKROOT = iphoneos;
				SUPPORTED_PLATFORMS = "iphonesimulator iphoneos";
				SWIFT_EMIT_LOC_STRINGS = YES;
				SWIFT_VERSION = 5.0;
				TARGETED_DEVICE_FAMILY = "1,2";
			};
			name = Debug;
		};
		1E1420CA28E817C5003EA6D2 /* Release */ = {
			isa = XCBuildConfiguration;
			baseConfigurationReference = E7902C5A79CF151EC989BF35 /* Pods-pet-client.release.xcconfig */;
			buildSettings = {
				ASSETCATALOG_COMPILER_APPICON_NAME = AppIcon;
				ASSETCATALOG_COMPILER_GLOBAL_ACCENT_COLOR_NAME = AccentColor;
				CODE_SIGN_ENTITLEMENTS = "pet-client/pet_client.entitlements";
				CODE_SIGN_IDENTITY = "-";
				"CODE_SIGN_IDENTITY[sdk=iphoneos*]" = "Apple Development";
				CODE_SIGN_STYLE = Automatic;
				CURRENT_PROJECT_VERSION = 1;
				DEAD_CODE_STRIPPING = YES;
				DEVELOPMENT_ASSET_PATHS = "\"pet-client/Preview Content\"";
				DEVELOPMENT_TEAM = X5UR894364;
				ENABLE_PREVIEWS = YES;
				GENERATE_INFOPLIST_FILE = YES;
				INFOPLIST_FILE = "pet-client/Info.plist";
				INFOPLIST_KEY_NSLocationAlwaysAndWhenInUseUsageDescription = "현위치를 이용합니다";
				INFOPLIST_KEY_UIApplicationSceneManifest_Generation = YES;
				"INFOPLIST_KEY_UIApplicationSceneManifest_Generation[sdk=iphoneos*]" = YES;
				"INFOPLIST_KEY_UIApplicationSceneManifest_Generation[sdk=iphonesimulator*]" = YES;
				INFOPLIST_KEY_UIApplicationSupportsIndirectInputEvents = YES;
				"INFOPLIST_KEY_UIApplicationSupportsIndirectInputEvents[sdk=iphoneos*]" = YES;
				"INFOPLIST_KEY_UIApplicationSupportsIndirectInputEvents[sdk=iphonesimulator*]" = YES;
				INFOPLIST_KEY_UILaunchScreen_Generation = YES;
				"INFOPLIST_KEY_UILaunchScreen_Generation[sdk=iphoneos*]" = YES;
				"INFOPLIST_KEY_UILaunchScreen_Generation[sdk=iphonesimulator*]" = YES;
				INFOPLIST_KEY_UIStatusBarStyle = UIStatusBarStyleDefault;
				"INFOPLIST_KEY_UIStatusBarStyle[sdk=iphoneos*]" = UIStatusBarStyleDefault;
				"INFOPLIST_KEY_UIStatusBarStyle[sdk=iphonesimulator*]" = UIStatusBarStyleDefault;
				INFOPLIST_KEY_UISupportedInterfaceOrientations_iPad = "UIInterfaceOrientationPortrait UIInterfaceOrientationPortraitUpsideDown UIInterfaceOrientationLandscapeLeft UIInterfaceOrientationLandscapeRight";
				INFOPLIST_KEY_UISupportedInterfaceOrientations_iPhone = "UIInterfaceOrientationPortrait UIInterfaceOrientationLandscapeLeft UIInterfaceOrientationLandscapeRight";
				IPHONEOS_DEPLOYMENT_TARGET = 16.0;
				LD_RUNPATH_SEARCH_PATHS = "@executable_path/Frameworks";
				"LD_RUNPATH_SEARCH_PATHS[sdk=macosx*]" = "@executable_path/../Frameworks";
				MACOSX_DEPLOYMENT_TARGET = 12.3;
				MARKETING_VERSION = 1.0;
				OTHER_LDFLAGS = "$(inherited)";
				PRODUCT_BUNDLE_IDENTIFIER = "iOS.PET.pet-client";
				PRODUCT_NAME = "$(TARGET_NAME)";
				SDKROOT = iphoneos;
				SUPPORTED_PLATFORMS = "iphonesimulator iphoneos";
				SWIFT_EMIT_LOC_STRINGS = YES;
				SWIFT_VERSION = 5.0;
				TARGETED_DEVICE_FAMILY = "1,2";
			};
			name = Release;
		};
		1E1420CC28E817C5003EA6D2 /* Debug */ = {
			isa = XCBuildConfiguration;
			baseConfigurationReference = 4A504451868076EC5BFEAA6C /* Pods-pet-clientTests.debug.xcconfig */;
			buildSettings = {
				ALWAYS_EMBED_SWIFT_STANDARD_LIBRARIES = YES;
				BUNDLE_LOADER = "$(TEST_HOST)";
				CODE_SIGN_STYLE = Automatic;
				CURRENT_PROJECT_VERSION = 1;
				DEAD_CODE_STRIPPING = YES;
				GENERATE_INFOPLIST_FILE = YES;
				IPHONEOS_DEPLOYMENT_TARGET = 16.0;
				MACOSX_DEPLOYMENT_TARGET = 12.3;
				MARKETING_VERSION = 1.0;
				PRODUCT_BUNDLE_IDENTIFIER = "iOS.PET.pet-clientTests";
				PRODUCT_NAME = "$(TARGET_NAME)";
				SDKROOT = auto;
				SUPPORTED_PLATFORMS = "iphoneos iphonesimulator macosx";
				SWIFT_EMIT_LOC_STRINGS = NO;
				SWIFT_VERSION = 5.0;
				TARGETED_DEVICE_FAMILY = "1,2";
				TEST_HOST = "$(BUILT_PRODUCTS_DIR)/pet-client.app/$(BUNDLE_EXECUTABLE_FOLDER_PATH)/pet-client";
			};
			name = Debug;
		};
		1E1420CD28E817C5003EA6D2 /* Release */ = {
			isa = XCBuildConfiguration;
			baseConfigurationReference = 6972AB03348D8EFE5FE47CEF /* Pods-pet-clientTests.release.xcconfig */;
			buildSettings = {
				ALWAYS_EMBED_SWIFT_STANDARD_LIBRARIES = YES;
				BUNDLE_LOADER = "$(TEST_HOST)";
				CODE_SIGN_STYLE = Automatic;
				CURRENT_PROJECT_VERSION = 1;
				DEAD_CODE_STRIPPING = YES;
				GENERATE_INFOPLIST_FILE = YES;
				IPHONEOS_DEPLOYMENT_TARGET = 16.0;
				MACOSX_DEPLOYMENT_TARGET = 12.3;
				MARKETING_VERSION = 1.0;
				PRODUCT_BUNDLE_IDENTIFIER = "iOS.PET.pet-clientTests";
				PRODUCT_NAME = "$(TARGET_NAME)";
				SDKROOT = auto;
				SUPPORTED_PLATFORMS = "iphoneos iphonesimulator macosx";
				SWIFT_EMIT_LOC_STRINGS = NO;
				SWIFT_VERSION = 5.0;
				TARGETED_DEVICE_FAMILY = "1,2";
				TEST_HOST = "$(BUILT_PRODUCTS_DIR)/pet-client.app/$(BUNDLE_EXECUTABLE_FOLDER_PATH)/pet-client";
			};
			name = Release;
		};
		1E1420CF28E817C5003EA6D2 /* Debug */ = {
			isa = XCBuildConfiguration;
			baseConfigurationReference = 05671D20CB687CEB0B6127C1 /* Pods-pet-client-pet-clientUITests.debug.xcconfig */;
			buildSettings = {
				ALWAYS_EMBED_SWIFT_STANDARD_LIBRARIES = YES;
				CODE_SIGN_STYLE = Automatic;
				CURRENT_PROJECT_VERSION = 1;
				DEAD_CODE_STRIPPING = YES;
				GENERATE_INFOPLIST_FILE = YES;
				IPHONEOS_DEPLOYMENT_TARGET = 16.0;
				MACOSX_DEPLOYMENT_TARGET = 12.3;
				MARKETING_VERSION = 1.0;
				PRODUCT_BUNDLE_IDENTIFIER = "iOS.PET.pet-clientUITests";
				PRODUCT_NAME = "$(TARGET_NAME)";
				SDKROOT = auto;
				SUPPORTED_PLATFORMS = "iphoneos iphonesimulator macosx";
				SWIFT_EMIT_LOC_STRINGS = NO;
				SWIFT_VERSION = 5.0;
				TARGETED_DEVICE_FAMILY = "1,2";
				TEST_TARGET_NAME = "pet-client";
			};
			name = Debug;
		};
		1E1420D028E817C5003EA6D2 /* Release */ = {
			isa = XCBuildConfiguration;
			baseConfigurationReference = D4A052339C846DB79063B597 /* Pods-pet-client-pet-clientUITests.release.xcconfig */;
			buildSettings = {
				ALWAYS_EMBED_SWIFT_STANDARD_LIBRARIES = YES;
				CODE_SIGN_STYLE = Automatic;
				CURRENT_PROJECT_VERSION = 1;
				DEAD_CODE_STRIPPING = YES;
				GENERATE_INFOPLIST_FILE = YES;
				IPHONEOS_DEPLOYMENT_TARGET = 16.0;
				MACOSX_DEPLOYMENT_TARGET = 12.3;
				MARKETING_VERSION = 1.0;
				PRODUCT_BUNDLE_IDENTIFIER = "iOS.PET.pet-clientUITests";
				PRODUCT_NAME = "$(TARGET_NAME)";
				SDKROOT = auto;
				SUPPORTED_PLATFORMS = "iphoneos iphonesimulator macosx";
				SWIFT_EMIT_LOC_STRINGS = NO;
				SWIFT_VERSION = 5.0;
				TARGETED_DEVICE_FAMILY = "1,2";
				TEST_TARGET_NAME = "pet-client";
			};
			name = Release;
		};
/* End XCBuildConfiguration section */

/* Begin XCConfigurationList section */
		1E14209E28E817C3003EA6D2 /* Build configuration list for PBXProject "pet-client" */ = {
			isa = XCConfigurationList;
			buildConfigurations = (
				1E1420C628E817C5003EA6D2 /* Debug */,
				1E1420C728E817C5003EA6D2 /* Release */,
			);
			defaultConfigurationIsVisible = 0;
			defaultConfigurationName = Release;
		};
		1E1420C828E817C5003EA6D2 /* Build configuration list for PBXNativeTarget "pet-client" */ = {
			isa = XCConfigurationList;
			buildConfigurations = (
				1E1420C928E817C5003EA6D2 /* Debug */,
				1E1420CA28E817C5003EA6D2 /* Release */,
			);
			defaultConfigurationIsVisible = 0;
			defaultConfigurationName = Release;
		};
		1E1420CB28E817C5003EA6D2 /* Build configuration list for PBXNativeTarget "pet-clientTests" */ = {
			isa = XCConfigurationList;
			buildConfigurations = (
				1E1420CC28E817C5003EA6D2 /* Debug */,
				1E1420CD28E817C5003EA6D2 /* Release */,
			);
			defaultConfigurationIsVisible = 0;
			defaultConfigurationName = Release;
		};
		1E1420CE28E817C5003EA6D2 /* Build configuration list for PBXNativeTarget "pet-clientUITests" */ = {
			isa = XCConfigurationList;
			buildConfigurations = (
				1E1420CF28E817C5003EA6D2 /* Debug */,
				1E1420D028E817C5003EA6D2 /* Release */,
			);
			defaultConfigurationIsVisible = 0;
			defaultConfigurationName = Release;
		};
/* End XCConfigurationList section */

/* Begin XCRemoteSwiftPackageReference section */
		1E31B0DC28F39DB700654FC0 /* XCRemoteSwiftPackageReference "kakao-ios-sdk" */ = {
			isa = XCRemoteSwiftPackageReference;
			repositoryURL = "https://github.com/kakao/kakao-ios-sdk";
			requirement = {
				branch = master;
				kind = branch;
			};
		};
		1E3E197E292E1BA7009C5BD4 /* XCRemoteSwiftPackageReference "firebase-ios-sdk" */ = {
			isa = XCRemoteSwiftPackageReference;
			repositoryURL = "https://github.com/firebase/firebase-ios-sdk";
			requirement = {
				branch = master;
				kind = branch;
			};
		};
		1EA19F812901591400FB8712 /* XCRemoteSwiftPackageReference "Alamofire" */ = {
			isa = XCRemoteSwiftPackageReference;
			repositoryURL = "https://github.com/Alamofire/Alamofire.git";
			requirement = {
				kind = upToNextMajorVersion;
				minimumVersion = 5.0.0;
			};
		};
		1EFB3154293383ED0064B31E /* XCRemoteSwiftPackageReference "SwiftUIFlow" */ = {
			isa = XCRemoteSwiftPackageReference;
			repositoryURL = "https://github.com/ciaranrobrien/SwiftUIFlow.git";
			requirement = {
				branch = main;
				kind = branch;
			};
		};
/* End XCRemoteSwiftPackageReference section */

/* Begin XCSwiftPackageProductDependency section */
		1E31B0DD28F39DB700654FC0 /* KakaoSDK */ = {
			isa = XCSwiftPackageProductDependency;
			package = 1E31B0DC28F39DB700654FC0 /* XCRemoteSwiftPackageReference "kakao-ios-sdk" */;
			productName = KakaoSDK;
		};
		1E3E197F292E1BA7009C5BD4 /* FirebaseAnalyticsWithoutAdIdSupport */ = {
			isa = XCSwiftPackageProductDependency;
			package = 1E3E197E292E1BA7009C5BD4 /* XCRemoteSwiftPackageReference "firebase-ios-sdk" */;
			productName = FirebaseAnalyticsWithoutAdIdSupport;
		};
		1EA19F822901591400FB8712 /* Alamofire */ = {
			isa = XCSwiftPackageProductDependency;
			package = 1EA19F812901591400FB8712 /* XCRemoteSwiftPackageReference "Alamofire" */;
			productName = Alamofire;
		};
		1EFB3155293383ED0064B31E /* SwiftUIFlow */ = {
			isa = XCSwiftPackageProductDependency;
			package = 1EFB3154293383ED0064B31E /* XCRemoteSwiftPackageReference "SwiftUIFlow" */;
			productName = SwiftUIFlow;
		};
/* End XCSwiftPackageProductDependency section */
	};
	rootObject = 1E14209B28E817C3003EA6D2 /* Project object */;
}
